
Microsoft Visual Studio Solution File, Format Version 12.00
# Visual Studio 15
VisualStudioVersion = 15.0.28307.779
MinimumVisualStudioVersion = 10.0.40219.1
Project("{FAE04EC0-301F-11D3-BF4B-00C04F79EFBC}") = "Module1TP1Greetings", "TP1Greetings\Module1TP1Greetings.csproj", "{0F3888BA-413C-42A5-B179-8DFB3F45347F}"
EndProject
Project("{FAE04EC0-301F-11D3-BF4B-00C04F79EFBC}") = "LessonExamples", "Module2Lecon1\LessonExamples.csproj", "{CFB0E6CC-3AA7-4460-85EC-EE8C2CDC0D85}"
EndProject
Project("{FAE04EC0-301F-11D3-BF4B-00C04F79EFBC}") = "Module2TP1", "Module2TP1\Module2TP1.csproj", "{338E267E-6C45-4046-80A1-FFDC4113AC46}"
EndProject
Project("{FAE04EC0-301F-11D3-BF4B-00C04F79EFBC}") = "Module2TP2", "Module2TP2\Module2TP2.csproj", "{014FA9BB-8E82-420E-9FEC-58A87868C63A}"
EndProject
Project("{FAE04EC0-301F-11D3-BF4B-00C04F79EFBC}") = "Module3TP1", "Module3TP1\Module3TP1.csproj", "{7896930C-A7B3-4DBA-AAD8-08A42CCA310B}"
EndProject
Project("{FAE04EC0-301F-11D3-BF4B-00C04F79EFBC}") = "Module4TP1", "Module4TP1\Module4TP1.csproj", "{200E08EC-C533-422A-8808-06824D911DD6}"
EndProject
Project("{FAE04EC0-301F-11D3-BF4B-00C04F79EFBC}") = "Module4TP2", "Module4TP2\Module4TP2.csproj", "{5529E171-9AE8-4335-B278-A22A8BA14848}"
EndProject
Project("{FAE04EC0-301F-11D3-BF4B-00C04F79EFBC}") = "Module4TP3", "Module4TP3\Module4TP3.csproj", "{D674238F-71C4-4523-9F76-AC388951DC78}"
EndProject
Project("{FAE04EC0-301F-11D3-BF4B-00C04F79EFBC}") = "Module5TP1", "Module5TP1\Module5TP1.csproj", "{6F1A6E68-3D29-4C93-8235-03A2DDDBEC0F}"
EndProject
Project("{FAE04EC0-301F-11D3-BF4B-00C04F79EFBC}") = "Module6TP1", "Module6TP1\Module6TP1.csproj", "{73031783-A99D-4201-AB42-3B6948C787C4}"
EndProject
Project("{FAE04EC0-301F-11D3-BF4B-00C04F79EFBC}") = "Module6TP2ClassLibrary", "Module6TP2ClassLibrary\Module6TP2ClassLibrary.csproj", "{7AD588A6-C3C9-4F61-8453-DD9E8B27A543}"
EndProject
Project("{FAE04EC0-301F-11D3-BF4B-00C04F79EFBC}") = "Module6TP2", "Module6TP2\Module6TP2.csproj", "{74019AF9-0AB5-494C-8041-DB47E759F354}"
EndProject
Project("{FAE04EC0-301F-11D3-BF4B-00C04F79EFBC}") = "Module8TP2", "Module8TP2\Module8TP2.csproj", "{7FD32159-10D8-453F-B891-7594E5F614A0}"
EndProject
Project("{FAE04EC0-301F-11D3-BF4B-00C04F79EFBC}") = "Module8TP2ClassLibrary", "Module8TP2ClassLibrary\Module8TP2ClassLibrary.csproj", "{8767B2E1-E2AB-4247-8F0D-ED8C1416E5EE}"
EndProject
Project("{FAE04EC0-301F-11D3-BF4B-00C04F79EFBC}") = "Module8TP2GestionRH", "Module8TP2GestionRH\Module8TP2GestionRH.csproj", "{4DF248B8-4798-4926-A9AA-D18E981D5BDE}"
EndProject
Project("{FAE04EC0-301F-11D3-BF4B-00C04F79EFBC}") = "LessonEF6", "LessonEF6\LessonEF6.csproj", "{A1863CBC-F6FD-4385-9549-19825A18E028}"
EndProject
Global
	GlobalSection(SolutionConfigurationPlatforms) = preSolution
		Debug|Any CPU = Debug|Any CPU
		Release|Any CPU = Release|Any CPU
	EndGlobalSection
	GlobalSection(ProjectConfigurationPlatforms) = postSolution
		{0F3888BA-413C-42A5-B179-8DFB3F45347F}.Debug|Any CPU.ActiveCfg = Debug|Any CPU
		{0F3888BA-413C-42A5-B179-8DFB3F45347F}.Debug|Any CPU.Build.0 = Debug|Any CPU
		{0F3888BA-413C-42A5-B179-8DFB3F45347F}.Release|Any CPU.ActiveCfg = Release|Any CPU
		{0F3888BA-413C-42A5-B179-8DFB3F45347F}.Release|Any CPU.Build.0 = Release|Any CPU
		{CFB0E6CC-3AA7-4460-85EC-EE8C2CDC0D85}.Debug|Any CPU.ActiveCfg = Debug|Any CPU
		{CFB0E6CC-3AA7-4460-85EC-EE8C2CDC0D85}.Debug|Any CPU.Build.0 = Debug|Any CPU
		{CFB0E6CC-3AA7-4460-85EC-EE8C2CDC0D85}.Release|Any CPU.ActiveCfg = Release|Any CPU
		{CFB0E6CC-3AA7-4460-85EC-EE8C2CDC0D85}.Release|Any CPU.Build.0 = Release|Any CPU
		{338E267E-6C45-4046-80A1-FFDC4113AC46}.Debug|Any CPU.ActiveCfg = Debug|Any CPU
		{338E267E-6C45-4046-80A1-FFDC4113AC46}.Debug|Any CPU.Build.0 = Debug|Any CPU
		{338E267E-6C45-4046-80A1-FFDC4113AC46}.Release|Any CPU.ActiveCfg = Release|Any CPU
		{338E267E-6C45-4046-80A1-FFDC4113AC46}.Release|Any CPU.Build.0 = Release|Any CPU
		{014FA9BB-8E82-420E-9FEC-58A87868C63A}.Debug|Any CPU.ActiveCfg = Debug|Any CPU
		{014FA9BB-8E82-420E-9FEC-58A87868C63A}.Debug|Any CPU.Build.0 = Debug|Any CPU
		{014FA9BB-8E82-420E-9FEC-58A87868C63A}.Release|Any CPU.ActiveCfg = Release|Any CPU
		{014FA9BB-8E82-420E-9FEC-58A87868C63A}.Release|Any CPU.Build.0 = Release|Any CPU
		{7896930C-A7B3-4DBA-AAD8-08A42CCA310B}.Debug|Any CPU.ActiveCfg = Debug|Any CPU
		{7896930C-A7B3-4DBA-AAD8-08A42CCA310B}.Debug|Any CPU.Build.0 = Debug|Any CPU
		{7896930C-A7B3-4DBA-AAD8-08A42CCA310B}.Release|Any CPU.ActiveCfg = Release|Any CPU
		{7896930C-A7B3-4DBA-AAD8-08A42CCA310B}.Release|Any CPU.Build.0 = Release|Any CPU
		{200E08EC-C533-422A-8808-06824D911DD6}.Debug|Any CPU.ActiveCfg = Debug|Any CPU
		{200E08EC-C533-422A-8808-06824D911DD6}.Debug|Any CPU.Build.0 = Debug|Any CPU
		{200E08EC-C533-422A-8808-06824D911DD6}.Release|Any CPU.ActiveCfg = Release|Any CPU
		{200E08EC-C533-422A-8808-06824D911DD6}.Release|Any CPU.Build.0 = Release|Any CPU
		{5529E171-9AE8-4335-B278-A22A8BA14848}.Debug|Any CPU.ActiveCfg = Debug|Any CPU
		{5529E171-9AE8-4335-B278-A22A8BA14848}.Debug|Any CPU.Build.0 = Debug|Any CPU
		{5529E171-9AE8-4335-B278-A22A8BA14848}.Release|Any CPU.ActiveCfg = Release|Any CPU
		{5529E171-9AE8-4335-B278-A22A8BA14848}.Release|Any CPU.Build.0 = Release|Any CPU
		{D674238F-71C4-4523-9F76-AC388951DC78}.Debug|Any CPU.ActiveCfg = Debug|Any CPU
		{D674238F-71C4-4523-9F76-AC388951DC78}.Debug|Any CPU.Build.0 = Debug|Any CPU
		{D674238F-71C4-4523-9F76-AC388951DC78}.Release|Any CPU.ActiveCfg = Release|Any CPU
		{D674238F-71C4-4523-9F76-AC388951DC78}.Release|Any CPU.Build.0 = Release|Any CPU
		{6F1A6E68-3D29-4C93-8235-03A2DDDBEC0F}.Debug|Any CPU.ActiveCfg = Debug|Any CPU
		{6F1A6E68-3D29-4C93-8235-03A2DDDBEC0F}.Debug|Any CPU.Build.0 = Debug|Any CPU
		{6F1A6E68-3D29-4C93-8235-03A2DDDBEC0F}.Release|Any CPU.ActiveCfg = Release|Any CPU
		{6F1A6E68-3D29-4C93-8235-03A2DDDBEC0F}.Release|Any CPU.Build.0 = Release|Any CPU
		{73031783-A99D-4201-AB42-3B6948C787C4}.Debug|Any CPU.ActiveCfg = Debug|Any CPU
		{73031783-A99D-4201-AB42-3B6948C787C4}.Debug|Any CPU.Build.0 = Debug|Any CPU
		{73031783-A99D-4201-AB42-3B6948C787C4}.Release|Any CPU.ActiveCfg = Release|Any CPU
		{73031783-A99D-4201-AB42-3B6948C787C4}.Release|Any CPU.Build.0 = Release|Any CPU
		{7AD588A6-C3C9-4F61-8453-DD9E8B27A543}.Debug|Any CPU.ActiveCfg = Debug|Any CPU
		{7AD588A6-C3C9-4F61-8453-DD9E8B27A543}.Debug|Any CPU.Build.0 = Debug|Any CPU
		{7AD588A6-C3C9-4F61-8453-DD9E8B27A543}.Release|Any CPU.ActiveCfg = Release|Any CPU
		{7AD588A6-C3C9-4F61-8453-DD9E8B27A543}.Release|Any CPU.Build.0 = Release|Any CPU
		{74019AF9-0AB5-494C-8041-DB47E759F354}.Debug|Any CPU.ActiveCfg = Debug|Any CPU
		{74019AF9-0AB5-494C-8041-DB47E759F354}.Debug|Any CPU.Build.0 = Debug|Any CPU
		{74019AF9-0AB5-494C-8041-DB47E759F354}.Release|Any CPU.ActiveCfg = Release|Any CPU
		{74019AF9-0AB5-494C-8041-DB47E759F354}.Release|Any CPU.Build.0 = Release|Any CPU
		{7FD32159-10D8-453F-B891-7594E5F614A0}.Debug|Any CPU.ActiveCfg = Debug|Any CPU
		{7FD32159-10D8-453F-B891-7594E5F614A0}.Debug|Any CPU.Build.0 = Debug|Any CPU
		{7FD32159-10D8-453F-B891-7594E5F614A0}.Release|Any CPU.ActiveCfg = Release|Any CPU
		{7FD32159-10D8-453F-B891-7594E5F614A0}.Release|Any CPU.Build.0 = Release|Any CPU
		{8767B2E1-E2AB-4247-8F0D-ED8C1416E5EE}.Debug|Any CPU.ActiveCfg = Debug|Any CPU
		{8767B2E1-E2AB-4247-8F0D-ED8C1416E5EE}.Debug|Any CPU.Build.0 = Debug|Any CPU
		{8767B2E1-E2AB-4247-8F0D-ED8C1416E5EE}.Release|Any CPU.ActiveCfg = Release|Any CPU
		{8767B2E1-E2AB-4247-8F0D-ED8C1416E5EE}.Release|Any CPU.Build.0 = Release|Any CPU
		{4DF248B8-4798-4926-A9AA-D18E981D5BDE}.Debug|Any CPU.ActiveCfg = Debug|Any CPU
		{4DF248B8-4798-4926-A9AA-D18E981D5BDE}.Debug|Any CPU.Build.0 = Debug|Any CPU
		{4DF248B8-4798-4926-A9AA-D18E981D5BDE}.Release|Any CPU.ActiveCfg = Release|Any CPU
		{4DF248B8-4798-4926-A9AA-D18E981D5BDE}.Release|Any CPU.Build.0 = Release|Any CPU
		{A1863CBC-F6FD-4385-9549-19825A18E028}.Debug|Any CPU.ActiveCfg = Debug|Any CPU
		{A1863CBC-F6FD-4385-9549-19825A18E028}.Debug|Any CPU.Build.0 = Debug|Any CPU
		{A1863CBC-F6FD-4385-9549-19825A18E028}.Release|Any CPU.ActiveCfg = Release|Any CPU
		{A1863CBC-F6FD-4385-9549-19825A18E028}.Release|Any CPU.Build.0 = Release|Any CPU
	EndGlobalSection
	GlobalSection(SolutionProperties) = preSolution
		HideSolutionNode = FALSE
	EndGlobalSection
	GlobalSection(ExtensibilityGlobals) = postSolution
		SolutionGuid = {FD3DC6B6-3428-499E-9D8E-731ABD038FA0}
	EndGlobalSection
EndGlobal
