
Microsoft Visual Studio Solution File, Format Version 12.00
# Visual Studio 15
VisualStudioVersion = 15.0.28307.779
MinimumVisualStudioVersion = 10.0.40219.1
Project("{FAE04EC0-301F-11D3-BF4B-00C04F79EFBC}") = "Module1TP1Greetings", "TP1Greetings\Module1TP1Greetings.csproj", "{0F3888BA-413C-42A5-B179-8DFB3F45347F}"
EndProject
Project("{FAE04EC0-301F-11D3-BF4B-00C04F79EFBC}") = "LessonExamples", "Module2Lecon1\LessonExamples.csproj", "{CFB0E6CC-3AA7-4460-85EC-EE8C2CDC0D85}"
EndProject
Project("{FAE04EC0-301F-11D3-BF4B-00C04F79EFBC}") = "Module2TP1", "Module2TP1\Module2TP1.csproj", "{338E267E-6C45-4046-80A1-FFDC4113AC46}"
EndProject
Project("{FAE04EC0-301F-11D3-BF4B-00C04F79EFBC}") = "Module2TP2", "Module2TP2\Module2TP2.csproj", "{014FA9BB-8E82-420E-9FEC-58A87868C63A}"
EndProject
Project("{FAE04EC0-301F-11D3-BF4B-00C04F79EFBC}") = "Module3TP1", "Module3TP1\Module3TP1.csproj", "{7896930C-A7B3-4DBA-AAD8-08A42CCA310B}"
EndProject
Project("{FAE04EC0-301F-11D3-BF4B-00C04F79EFBC}") = "Module4TP1", "Module4TP1\Module4TP1.csproj", "{200E08EC-C533-422A-8808-06824D911DD6}"
EndProject
Project("{FAE04EC0-301F-11D3-BF4B-00C04F79EFBC}") = "Module4TP2", "Module4TP2\Module4TP2.csproj", "{5529E171-9AE8-4335-B278-A22A8BA14848}"
EndProject
Project("{FAE04EC0-301F-11D3-BF4B-00C04F79EFBC}") = "Module4TP3", "Module4TP3\Module4TP3.csproj", "{D674238F-71C4-4523-9F76-AC388951DC78}"
EndProject
Project("{FAE04EC0-301F-11D3-BF4B-00C04F79EFBC}") = "Module5TP1", "Module5TP1\Module5TP1.csproj", "{6F1A6E68-3D29-4C93-8235-03A2DDDBEC0F}"
EndProject
Project("{FAE04EC0-301F-11D3-BF4B-00C04F79EFBC}") = "Module6TP1", "Module6TP1\Module6TP1.csproj", "{73031783-A99D-4201-AB42-3B6948C787C4}"
EndProject
Project("{FAE04EC0-301F-11D3-BF4B-00C04F79EFBC}") = "Module6TP2ClassLibrary", "Module6TP2ClassLibrary\Module6TP2ClassLibrary.csproj", "{7AD588A6-C3C9-4F61-8453-DD9E8B27A543}"
EndProject
Project("{FAE04EC0-301F-11D3-BF4B-00C04F79EFBC}") = "Module6TP2", "Module6TP2\Module6TP2.csproj", "{74019AF9-0AB5-494C-8041-DB47E759F354}"
EndProject
Project("{FAE04EC0-301F-11D3-BF4B-00C04F79EFBC}") = "Module8TP2", "Module8TP2\Module8TP2.csproj", "{7FD32159-10D8-453F-B891-7594E5F614A0}"
EndProject
Project("{FAE04EC0-301F-11D3-BF4B-00C04F79EFBC}") = "Module8TP2ClassLibrary", "Module8TP2ClassLibrary\Module8TP2ClassLibrary.csproj", "{8767B2E1-E2AB-4247-8F0D-ED8C1416E5EE}"
EndProject
Project("{FAE04EC0-301F-11D3-BF4B-00C04F79EFBC}") = "Module8TP2GestionRH", "Module8TP2GestionRH\Module8TP2GestionRH.csproj", "{4DF248B8-4798-4926-A9AA-D18E981D5BDE}"
EndProject
Project("{FAE04EC0-301F-11D3-BF4B-00C04F79EFBC}") = "LessonEF6", "LessonEF6\LessonEF6.csproj", "{A1863CBC-F6FD-4385-9549-19825A18E028}"
EndProject
Project("{FAE04EC0-301F-11D3-BF4B-00C04F79EFBC}") = "Module18TP1ClassLibrary", "Module18TP1ClassLibrary\Module18TP1ClassLibrary.csproj", "{7A1D8D41-51BF-4990-A62B-8AB30F2451DE}"
EndProject
Project("{FAE04EC0-301F-11D3-BF4B-00C04F79EFBC}") = "Module18TP1", "Module18TP1\Module18TP1.csproj", "{BC09823C-8C91-4996-B448-599C1DDCE54C}"
EndProject
Project("{FAE04EC0-301F-11D3-BF4B-00C04F79EFBC}") = "Module19Tp1", "Module19Tp1\Module19Tp1.csproj", "{7FB95345-4ED7-4EF6-8869-306E9D122A96}"
EndProject
Project("{FAE04EC0-301F-11D3-BF4B-00C04F79EFBC}") = "Module20Tp1", "Module20Tp1\Module20Tp1.csproj", "{7D6284D0-0B8B-439E-B9D9-091B5B069246}"
EndProject
Project("{FAE04EC0-301F-11D3-BF4B-00C04F79EFBC}") = "Module22AspNetApi", "Module22AspNetApi\Module22AspNetApi.csproj", "{425E3141-6DD4-440E-910F-C67CAEC35573}"
EndProject
Project("{FAE04EC0-301F-11D3-BF4B-00C04F79EFBC}") = "Module22Tp1", "Module22Tp1\Module22Tp1.csproj", "{01E20E7E-D7BA-406A-AAEE-7453CD73139F}"
EndProject
Project("{FAE04EC0-301F-11D3-BF4B-00C04F79EFBC}") = "UnitTestProject1", "UnitTestProject1\UnitTestProject1.csproj", "{0718054D-8D5D-493C-A62B-D90DF6431996}"
EndProject
Project("{FAE04EC0-301F-11D3-BF4B-00C04F79EFBC}") = "UWP-Lesson", "UWP-Lesson\UWP-Lesson.csproj", "{1DD52DFA-FB95-4E6D-A3B6-FD60C4D21761}"
EndProject
Project("{9A19103F-16F7-4668-BE54-9A1E7A4F7556}") = "AspNetCoreModule1", "AspNetCoreModule1\AspNetCoreModule1.csproj", "{735F7E22-DFF5-4DD8-9041-7536A7262A55}"
EndProject
Project("{FAE04EC0-301F-11D3-BF4B-00C04F79EFBC}") = "AspNetModule1", "AspNetModule1\AspNetModule1.csproj", "{15B35299-42A4-4ACD-BBA6-EA12B638AD07}"
EndProject
Project("{FAE04EC0-301F-11D3-BF4B-00C04F79EFBC}") = "AspNetModule11Security", "AspNetModule11Security\AspNetModule11Security.csproj", "{03AD887F-3DF8-4B26-A12B-37F2D5F73382}"
EndProject
Project("{FAE04EC0-301F-11D3-BF4B-00C04F79EFBC}") = "UWPLesson1", "UWPLesson1\UWPLesson1.csproj", "{202103BE-B86E-4F3B-8197-3835187335C5}"
EndProject
Project("{FAE04EC0-301F-11D3-BF4B-00C04F79EFBC}") = "UWPTP2", "UWPTP2\UWPTP2.csproj", "{F18CD55C-14D1-4A8B-8844-6C120FD3F74C}"
EndProject
Project("{FAE04EC0-301F-11D3-BF4B-00C04F79EFBC}") = "UWPTP3", "UWPTP3\UWPTP3.csproj", "{381F80D5-C670-4096-A82C-36AC582DF619}"
EndProject
Global
	GlobalSection(SolutionConfigurationPlatforms) = preSolution
		Debug|Any CPU = Debug|Any CPU
		Debug|ARM = Debug|ARM
		Debug|ARM64 = Debug|ARM64
		Debug|x64 = Debug|x64
		Debug|x86 = Debug|x86
		Release|Any CPU = Release|Any CPU
		Release|ARM = Release|ARM
		Release|ARM64 = Release|ARM64
		Release|x64 = Release|x64
		Release|x86 = Release|x86
	EndGlobalSection
	GlobalSection(ProjectConfigurationPlatforms) = postSolution
		{0F3888BA-413C-42A5-B179-8DFB3F45347F}.Debug|Any CPU.ActiveCfg = Debug|Any CPU
		{0F3888BA-413C-42A5-B179-8DFB3F45347F}.Debug|Any CPU.Build.0 = Debug|Any CPU
		{0F3888BA-413C-42A5-B179-8DFB3F45347F}.Debug|ARM.ActiveCfg = Debug|Any CPU
		{0F3888BA-413C-42A5-B179-8DFB3F45347F}.Debug|ARM.Build.0 = Debug|Any CPU
		{0F3888BA-413C-42A5-B179-8DFB3F45347F}.Debug|ARM64.ActiveCfg = Debug|Any CPU
		{0F3888BA-413C-42A5-B179-8DFB3F45347F}.Debug|ARM64.Build.0 = Debug|Any CPU
		{0F3888BA-413C-42A5-B179-8DFB3F45347F}.Debug|x64.ActiveCfg = Debug|Any CPU
		{0F3888BA-413C-42A5-B179-8DFB3F45347F}.Debug|x64.Build.0 = Debug|Any CPU
		{0F3888BA-413C-42A5-B179-8DFB3F45347F}.Debug|x86.ActiveCfg = Debug|Any CPU
		{0F3888BA-413C-42A5-B179-8DFB3F45347F}.Debug|x86.Build.0 = Debug|Any CPU
		{0F3888BA-413C-42A5-B179-8DFB3F45347F}.Release|Any CPU.ActiveCfg = Release|Any CPU
		{0F3888BA-413C-42A5-B179-8DFB3F45347F}.Release|Any CPU.Build.0 = Release|Any CPU
		{0F3888BA-413C-42A5-B179-8DFB3F45347F}.Release|ARM.ActiveCfg = Release|Any CPU
		{0F3888BA-413C-42A5-B179-8DFB3F45347F}.Release|ARM.Build.0 = Release|Any CPU
		{0F3888BA-413C-42A5-B179-8DFB3F45347F}.Release|ARM64.ActiveCfg = Release|Any CPU
		{0F3888BA-413C-42A5-B179-8DFB3F45347F}.Release|ARM64.Build.0 = Release|Any CPU
		{0F3888BA-413C-42A5-B179-8DFB3F45347F}.Release|x64.ActiveCfg = Release|Any CPU
		{0F3888BA-413C-42A5-B179-8DFB3F45347F}.Release|x64.Build.0 = Release|Any CPU
		{0F3888BA-413C-42A5-B179-8DFB3F45347F}.Release|x86.ActiveCfg = Release|Any CPU
		{0F3888BA-413C-42A5-B179-8DFB3F45347F}.Release|x86.Build.0 = Release|Any CPU
		{CFB0E6CC-3AA7-4460-85EC-EE8C2CDC0D85}.Debug|Any CPU.ActiveCfg = Debug|Any CPU
		{CFB0E6CC-3AA7-4460-85EC-EE8C2CDC0D85}.Debug|Any CPU.Build.0 = Debug|Any CPU
		{CFB0E6CC-3AA7-4460-85EC-EE8C2CDC0D85}.Debug|ARM.ActiveCfg = Debug|Any CPU
		{CFB0E6CC-3AA7-4460-85EC-EE8C2CDC0D85}.Debug|ARM.Build.0 = Debug|Any CPU
		{CFB0E6CC-3AA7-4460-85EC-EE8C2CDC0D85}.Debug|ARM64.ActiveCfg = Debug|Any CPU
		{CFB0E6CC-3AA7-4460-85EC-EE8C2CDC0D85}.Debug|ARM64.Build.0 = Debug|Any CPU
		{CFB0E6CC-3AA7-4460-85EC-EE8C2CDC0D85}.Debug|x64.ActiveCfg = Debug|Any CPU
		{CFB0E6CC-3AA7-4460-85EC-EE8C2CDC0D85}.Debug|x64.Build.0 = Debug|Any CPU
		{CFB0E6CC-3AA7-4460-85EC-EE8C2CDC0D85}.Debug|x86.ActiveCfg = Debug|Any CPU
		{CFB0E6CC-3AA7-4460-85EC-EE8C2CDC0D85}.Debug|x86.Build.0 = Debug|Any CPU
		{CFB0E6CC-3AA7-4460-85EC-EE8C2CDC0D85}.Release|Any CPU.ActiveCfg = Release|Any CPU
		{CFB0E6CC-3AA7-4460-85EC-EE8C2CDC0D85}.Release|Any CPU.Build.0 = Release|Any CPU
		{CFB0E6CC-3AA7-4460-85EC-EE8C2CDC0D85}.Release|ARM.ActiveCfg = Release|Any CPU
		{CFB0E6CC-3AA7-4460-85EC-EE8C2CDC0D85}.Release|ARM.Build.0 = Release|Any CPU
		{CFB0E6CC-3AA7-4460-85EC-EE8C2CDC0D85}.Release|ARM64.ActiveCfg = Release|Any CPU
		{CFB0E6CC-3AA7-4460-85EC-EE8C2CDC0D85}.Release|ARM64.Build.0 = Release|Any CPU
		{CFB0E6CC-3AA7-4460-85EC-EE8C2CDC0D85}.Release|x64.ActiveCfg = Release|Any CPU
		{CFB0E6CC-3AA7-4460-85EC-EE8C2CDC0D85}.Release|x64.Build.0 = Release|Any CPU
		{CFB0E6CC-3AA7-4460-85EC-EE8C2CDC0D85}.Release|x86.ActiveCfg = Release|Any CPU
		{CFB0E6CC-3AA7-4460-85EC-EE8C2CDC0D85}.Release|x86.Build.0 = Release|Any CPU
		{338E267E-6C45-4046-80A1-FFDC4113AC46}.Debug|Any CPU.ActiveCfg = Debug|Any CPU
		{338E267E-6C45-4046-80A1-FFDC4113AC46}.Debug|Any CPU.Build.0 = Debug|Any CPU
		{338E267E-6C45-4046-80A1-FFDC4113AC46}.Debug|ARM.ActiveCfg = Debug|Any CPU
		{338E267E-6C45-4046-80A1-FFDC4113AC46}.Debug|ARM.Build.0 = Debug|Any CPU
		{338E267E-6C45-4046-80A1-FFDC4113AC46}.Debug|ARM64.ActiveCfg = Debug|Any CPU
		{338E267E-6C45-4046-80A1-FFDC4113AC46}.Debug|ARM64.Build.0 = Debug|Any CPU
		{338E267E-6C45-4046-80A1-FFDC4113AC46}.Debug|x64.ActiveCfg = Debug|Any CPU
		{338E267E-6C45-4046-80A1-FFDC4113AC46}.Debug|x64.Build.0 = Debug|Any CPU
		{338E267E-6C45-4046-80A1-FFDC4113AC46}.Debug|x86.ActiveCfg = Debug|Any CPU
		{338E267E-6C45-4046-80A1-FFDC4113AC46}.Debug|x86.Build.0 = Debug|Any CPU
		{338E267E-6C45-4046-80A1-FFDC4113AC46}.Release|Any CPU.ActiveCfg = Release|Any CPU
		{338E267E-6C45-4046-80A1-FFDC4113AC46}.Release|Any CPU.Build.0 = Release|Any CPU
		{338E267E-6C45-4046-80A1-FFDC4113AC46}.Release|ARM.ActiveCfg = Release|Any CPU
		{338E267E-6C45-4046-80A1-FFDC4113AC46}.Release|ARM.Build.0 = Release|Any CPU
		{338E267E-6C45-4046-80A1-FFDC4113AC46}.Release|ARM64.ActiveCfg = Release|Any CPU
		{338E267E-6C45-4046-80A1-FFDC4113AC46}.Release|ARM64.Build.0 = Release|Any CPU
		{338E267E-6C45-4046-80A1-FFDC4113AC46}.Release|x64.ActiveCfg = Release|Any CPU
		{338E267E-6C45-4046-80A1-FFDC4113AC46}.Release|x64.Build.0 = Release|Any CPU
		{338E267E-6C45-4046-80A1-FFDC4113AC46}.Release|x86.ActiveCfg = Release|Any CPU
		{338E267E-6C45-4046-80A1-FFDC4113AC46}.Release|x86.Build.0 = Release|Any CPU
		{014FA9BB-8E82-420E-9FEC-58A87868C63A}.Debug|Any CPU.ActiveCfg = Debug|Any CPU
		{014FA9BB-8E82-420E-9FEC-58A87868C63A}.Debug|Any CPU.Build.0 = Debug|Any CPU
		{014FA9BB-8E82-420E-9FEC-58A87868C63A}.Debug|ARM.ActiveCfg = Debug|Any CPU
		{014FA9BB-8E82-420E-9FEC-58A87868C63A}.Debug|ARM.Build.0 = Debug|Any CPU
		{014FA9BB-8E82-420E-9FEC-58A87868C63A}.Debug|ARM64.ActiveCfg = Debug|Any CPU
		{014FA9BB-8E82-420E-9FEC-58A87868C63A}.Debug|ARM64.Build.0 = Debug|Any CPU
		{014FA9BB-8E82-420E-9FEC-58A87868C63A}.Debug|x64.ActiveCfg = Debug|Any CPU
		{014FA9BB-8E82-420E-9FEC-58A87868C63A}.Debug|x64.Build.0 = Debug|Any CPU
		{014FA9BB-8E82-420E-9FEC-58A87868C63A}.Debug|x86.ActiveCfg = Debug|Any CPU
		{014FA9BB-8E82-420E-9FEC-58A87868C63A}.Debug|x86.Build.0 = Debug|Any CPU
		{014FA9BB-8E82-420E-9FEC-58A87868C63A}.Release|Any CPU.ActiveCfg = Release|Any CPU
		{014FA9BB-8E82-420E-9FEC-58A87868C63A}.Release|Any CPU.Build.0 = Release|Any CPU
		{014FA9BB-8E82-420E-9FEC-58A87868C63A}.Release|ARM.ActiveCfg = Release|Any CPU
		{014FA9BB-8E82-420E-9FEC-58A87868C63A}.Release|ARM.Build.0 = Release|Any CPU
		{014FA9BB-8E82-420E-9FEC-58A87868C63A}.Release|ARM64.ActiveCfg = Release|Any CPU
		{014FA9BB-8E82-420E-9FEC-58A87868C63A}.Release|ARM64.Build.0 = Release|Any CPU
		{014FA9BB-8E82-420E-9FEC-58A87868C63A}.Release|x64.ActiveCfg = Release|Any CPU
		{014FA9BB-8E82-420E-9FEC-58A87868C63A}.Release|x64.Build.0 = Release|Any CPU
		{014FA9BB-8E82-420E-9FEC-58A87868C63A}.Release|x86.ActiveCfg = Release|Any CPU
		{014FA9BB-8E82-420E-9FEC-58A87868C63A}.Release|x86.Build.0 = Release|Any CPU
		{7896930C-A7B3-4DBA-AAD8-08A42CCA310B}.Debug|Any CPU.ActiveCfg = Debug|Any CPU
		{7896930C-A7B3-4DBA-AAD8-08A42CCA310B}.Debug|Any CPU.Build.0 = Debug|Any CPU
		{7896930C-A7B3-4DBA-AAD8-08A42CCA310B}.Debug|ARM.ActiveCfg = Debug|Any CPU
		{7896930C-A7B3-4DBA-AAD8-08A42CCA310B}.Debug|ARM.Build.0 = Debug|Any CPU
		{7896930C-A7B3-4DBA-AAD8-08A42CCA310B}.Debug|ARM64.ActiveCfg = Debug|Any CPU
		{7896930C-A7B3-4DBA-AAD8-08A42CCA310B}.Debug|ARM64.Build.0 = Debug|Any CPU
		{7896930C-A7B3-4DBA-AAD8-08A42CCA310B}.Debug|x64.ActiveCfg = Debug|Any CPU
		{7896930C-A7B3-4DBA-AAD8-08A42CCA310B}.Debug|x64.Build.0 = Debug|Any CPU
		{7896930C-A7B3-4DBA-AAD8-08A42CCA310B}.Debug|x86.ActiveCfg = Debug|Any CPU
		{7896930C-A7B3-4DBA-AAD8-08A42CCA310B}.Debug|x86.Build.0 = Debug|Any CPU
		{7896930C-A7B3-4DBA-AAD8-08A42CCA310B}.Release|Any CPU.ActiveCfg = Release|Any CPU
		{7896930C-A7B3-4DBA-AAD8-08A42CCA310B}.Release|Any CPU.Build.0 = Release|Any CPU
		{7896930C-A7B3-4DBA-AAD8-08A42CCA310B}.Release|ARM.ActiveCfg = Release|Any CPU
		{7896930C-A7B3-4DBA-AAD8-08A42CCA310B}.Release|ARM.Build.0 = Release|Any CPU
		{7896930C-A7B3-4DBA-AAD8-08A42CCA310B}.Release|ARM64.ActiveCfg = Release|Any CPU
		{7896930C-A7B3-4DBA-AAD8-08A42CCA310B}.Release|ARM64.Build.0 = Release|Any CPU
		{7896930C-A7B3-4DBA-AAD8-08A42CCA310B}.Release|x64.ActiveCfg = Release|Any CPU
		{7896930C-A7B3-4DBA-AAD8-08A42CCA310B}.Release|x64.Build.0 = Release|Any CPU
		{7896930C-A7B3-4DBA-AAD8-08A42CCA310B}.Release|x86.ActiveCfg = Release|Any CPU
		{7896930C-A7B3-4DBA-AAD8-08A42CCA310B}.Release|x86.Build.0 = Release|Any CPU
		{200E08EC-C533-422A-8808-06824D911DD6}.Debug|Any CPU.ActiveCfg = Debug|Any CPU
		{200E08EC-C533-422A-8808-06824D911DD6}.Debug|Any CPU.Build.0 = Debug|Any CPU
		{200E08EC-C533-422A-8808-06824D911DD6}.Debug|ARM.ActiveCfg = Debug|Any CPU
		{200E08EC-C533-422A-8808-06824D911DD6}.Debug|ARM.Build.0 = Debug|Any CPU
		{200E08EC-C533-422A-8808-06824D911DD6}.Debug|ARM64.ActiveCfg = Debug|Any CPU
		{200E08EC-C533-422A-8808-06824D911DD6}.Debug|ARM64.Build.0 = Debug|Any CPU
		{200E08EC-C533-422A-8808-06824D911DD6}.Debug|x64.ActiveCfg = Debug|Any CPU
		{200E08EC-C533-422A-8808-06824D911DD6}.Debug|x64.Build.0 = Debug|Any CPU
		{200E08EC-C533-422A-8808-06824D911DD6}.Debug|x86.ActiveCfg = Debug|Any CPU
		{200E08EC-C533-422A-8808-06824D911DD6}.Debug|x86.Build.0 = Debug|Any CPU
		{200E08EC-C533-422A-8808-06824D911DD6}.Release|Any CPU.ActiveCfg = Release|Any CPU
		{200E08EC-C533-422A-8808-06824D911DD6}.Release|Any CPU.Build.0 = Release|Any CPU
		{200E08EC-C533-422A-8808-06824D911DD6}.Release|ARM.ActiveCfg = Release|Any CPU
		{200E08EC-C533-422A-8808-06824D911DD6}.Release|ARM.Build.0 = Release|Any CPU
		{200E08EC-C533-422A-8808-06824D911DD6}.Release|ARM64.ActiveCfg = Release|Any CPU
		{200E08EC-C533-422A-8808-06824D911DD6}.Release|ARM64.Build.0 = Release|Any CPU
		{200E08EC-C533-422A-8808-06824D911DD6}.Release|x64.ActiveCfg = Release|Any CPU
		{200E08EC-C533-422A-8808-06824D911DD6}.Release|x64.Build.0 = Release|Any CPU
		{200E08EC-C533-422A-8808-06824D911DD6}.Release|x86.ActiveCfg = Release|Any CPU
		{200E08EC-C533-422A-8808-06824D911DD6}.Release|x86.Build.0 = Release|Any CPU
		{5529E171-9AE8-4335-B278-A22A8BA14848}.Debug|Any CPU.ActiveCfg = Debug|Any CPU
		{5529E171-9AE8-4335-B278-A22A8BA14848}.Debug|Any CPU.Build.0 = Debug|Any CPU
		{5529E171-9AE8-4335-B278-A22A8BA14848}.Debug|ARM.ActiveCfg = Debug|Any CPU
		{5529E171-9AE8-4335-B278-A22A8BA14848}.Debug|ARM.Build.0 = Debug|Any CPU
		{5529E171-9AE8-4335-B278-A22A8BA14848}.Debug|ARM64.ActiveCfg = Debug|Any CPU
		{5529E171-9AE8-4335-B278-A22A8BA14848}.Debug|ARM64.Build.0 = Debug|Any CPU
		{5529E171-9AE8-4335-B278-A22A8BA14848}.Debug|x64.ActiveCfg = Debug|Any CPU
		{5529E171-9AE8-4335-B278-A22A8BA14848}.Debug|x64.Build.0 = Debug|Any CPU
		{5529E171-9AE8-4335-B278-A22A8BA14848}.Debug|x86.ActiveCfg = Debug|Any CPU
		{5529E171-9AE8-4335-B278-A22A8BA14848}.Debug|x86.Build.0 = Debug|Any CPU
		{5529E171-9AE8-4335-B278-A22A8BA14848}.Release|Any CPU.ActiveCfg = Release|Any CPU
		{5529E171-9AE8-4335-B278-A22A8BA14848}.Release|Any CPU.Build.0 = Release|Any CPU
		{5529E171-9AE8-4335-B278-A22A8BA14848}.Release|ARM.ActiveCfg = Release|Any CPU
		{5529E171-9AE8-4335-B278-A22A8BA14848}.Release|ARM.Build.0 = Release|Any CPU
		{5529E171-9AE8-4335-B278-A22A8BA14848}.Release|ARM64.ActiveCfg = Release|Any CPU
		{5529E171-9AE8-4335-B278-A22A8BA14848}.Release|ARM64.Build.0 = Release|Any CPU
		{5529E171-9AE8-4335-B278-A22A8BA14848}.Release|x64.ActiveCfg = Release|Any CPU
		{5529E171-9AE8-4335-B278-A22A8BA14848}.Release|x64.Build.0 = Release|Any CPU
		{5529E171-9AE8-4335-B278-A22A8BA14848}.Release|x86.ActiveCfg = Release|Any CPU
		{5529E171-9AE8-4335-B278-A22A8BA14848}.Release|x86.Build.0 = Release|Any CPU
		{D674238F-71C4-4523-9F76-AC388951DC78}.Debug|Any CPU.ActiveCfg = Debug|Any CPU
		{D674238F-71C4-4523-9F76-AC388951DC78}.Debug|Any CPU.Build.0 = Debug|Any CPU
		{D674238F-71C4-4523-9F76-AC388951DC78}.Debug|ARM.ActiveCfg = Debug|Any CPU
		{D674238F-71C4-4523-9F76-AC388951DC78}.Debug|ARM.Build.0 = Debug|Any CPU
		{D674238F-71C4-4523-9F76-AC388951DC78}.Debug|ARM64.ActiveCfg = Debug|Any CPU
		{D674238F-71C4-4523-9F76-AC388951DC78}.Debug|ARM64.Build.0 = Debug|Any CPU
		{D674238F-71C4-4523-9F76-AC388951DC78}.Debug|x64.ActiveCfg = Debug|Any CPU
		{D674238F-71C4-4523-9F76-AC388951DC78}.Debug|x64.Build.0 = Debug|Any CPU
		{D674238F-71C4-4523-9F76-AC388951DC78}.Debug|x86.ActiveCfg = Debug|Any CPU
		{D674238F-71C4-4523-9F76-AC388951DC78}.Debug|x86.Build.0 = Debug|Any CPU
		{D674238F-71C4-4523-9F76-AC388951DC78}.Release|Any CPU.ActiveCfg = Release|Any CPU
		{D674238F-71C4-4523-9F76-AC388951DC78}.Release|Any CPU.Build.0 = Release|Any CPU
		{D674238F-71C4-4523-9F76-AC388951DC78}.Release|ARM.ActiveCfg = Release|Any CPU
		{D674238F-71C4-4523-9F76-AC388951DC78}.Release|ARM.Build.0 = Release|Any CPU
		{D674238F-71C4-4523-9F76-AC388951DC78}.Release|ARM64.ActiveCfg = Release|Any CPU
		{D674238F-71C4-4523-9F76-AC388951DC78}.Release|ARM64.Build.0 = Release|Any CPU
		{D674238F-71C4-4523-9F76-AC388951DC78}.Release|x64.ActiveCfg = Release|Any CPU
		{D674238F-71C4-4523-9F76-AC388951DC78}.Release|x64.Build.0 = Release|Any CPU
		{D674238F-71C4-4523-9F76-AC388951DC78}.Release|x86.ActiveCfg = Release|Any CPU
		{D674238F-71C4-4523-9F76-AC388951DC78}.Release|x86.Build.0 = Release|Any CPU
		{6F1A6E68-3D29-4C93-8235-03A2DDDBEC0F}.Debug|Any CPU.ActiveCfg = Debug|Any CPU
		{6F1A6E68-3D29-4C93-8235-03A2DDDBEC0F}.Debug|Any CPU.Build.0 = Debug|Any CPU
		{6F1A6E68-3D29-4C93-8235-03A2DDDBEC0F}.Debug|ARM.ActiveCfg = Debug|Any CPU
		{6F1A6E68-3D29-4C93-8235-03A2DDDBEC0F}.Debug|ARM.Build.0 = Debug|Any CPU
		{6F1A6E68-3D29-4C93-8235-03A2DDDBEC0F}.Debug|ARM64.ActiveCfg = Debug|Any CPU
		{6F1A6E68-3D29-4C93-8235-03A2DDDBEC0F}.Debug|ARM64.Build.0 = Debug|Any CPU
		{6F1A6E68-3D29-4C93-8235-03A2DDDBEC0F}.Debug|x64.ActiveCfg = Debug|Any CPU
		{6F1A6E68-3D29-4C93-8235-03A2DDDBEC0F}.Debug|x64.Build.0 = Debug|Any CPU
		{6F1A6E68-3D29-4C93-8235-03A2DDDBEC0F}.Debug|x86.ActiveCfg = Debug|Any CPU
		{6F1A6E68-3D29-4C93-8235-03A2DDDBEC0F}.Debug|x86.Build.0 = Debug|Any CPU
		{6F1A6E68-3D29-4C93-8235-03A2DDDBEC0F}.Release|Any CPU.ActiveCfg = Release|Any CPU
		{6F1A6E68-3D29-4C93-8235-03A2DDDBEC0F}.Release|Any CPU.Build.0 = Release|Any CPU
		{6F1A6E68-3D29-4C93-8235-03A2DDDBEC0F}.Release|ARM.ActiveCfg = Release|Any CPU
		{6F1A6E68-3D29-4C93-8235-03A2DDDBEC0F}.Release|ARM.Build.0 = Release|Any CPU
		{6F1A6E68-3D29-4C93-8235-03A2DDDBEC0F}.Release|ARM64.ActiveCfg = Release|Any CPU
		{6F1A6E68-3D29-4C93-8235-03A2DDDBEC0F}.Release|ARM64.Build.0 = Release|Any CPU
		{6F1A6E68-3D29-4C93-8235-03A2DDDBEC0F}.Release|x64.ActiveCfg = Release|Any CPU
		{6F1A6E68-3D29-4C93-8235-03A2DDDBEC0F}.Release|x64.Build.0 = Release|Any CPU
		{6F1A6E68-3D29-4C93-8235-03A2DDDBEC0F}.Release|x86.ActiveCfg = Release|Any CPU
		{6F1A6E68-3D29-4C93-8235-03A2DDDBEC0F}.Release|x86.Build.0 = Release|Any CPU
		{73031783-A99D-4201-AB42-3B6948C787C4}.Debug|Any CPU.ActiveCfg = Debug|Any CPU
		{73031783-A99D-4201-AB42-3B6948C787C4}.Debug|Any CPU.Build.0 = Debug|Any CPU
		{73031783-A99D-4201-AB42-3B6948C787C4}.Debug|ARM.ActiveCfg = Debug|Any CPU
		{73031783-A99D-4201-AB42-3B6948C787C4}.Debug|ARM.Build.0 = Debug|Any CPU
		{73031783-A99D-4201-AB42-3B6948C787C4}.Debug|ARM64.ActiveCfg = Debug|Any CPU
		{73031783-A99D-4201-AB42-3B6948C787C4}.Debug|ARM64.Build.0 = Debug|Any CPU
		{73031783-A99D-4201-AB42-3B6948C787C4}.Debug|x64.ActiveCfg = Debug|Any CPU
		{73031783-A99D-4201-AB42-3B6948C787C4}.Debug|x64.Build.0 = Debug|Any CPU
		{73031783-A99D-4201-AB42-3B6948C787C4}.Debug|x86.ActiveCfg = Debug|Any CPU
		{73031783-A99D-4201-AB42-3B6948C787C4}.Debug|x86.Build.0 = Debug|Any CPU
		{73031783-A99D-4201-AB42-3B6948C787C4}.Release|Any CPU.ActiveCfg = Release|Any CPU
		{73031783-A99D-4201-AB42-3B6948C787C4}.Release|Any CPU.Build.0 = Release|Any CPU
		{73031783-A99D-4201-AB42-3B6948C787C4}.Release|ARM.ActiveCfg = Release|Any CPU
		{73031783-A99D-4201-AB42-3B6948C787C4}.Release|ARM.Build.0 = Release|Any CPU
		{73031783-A99D-4201-AB42-3B6948C787C4}.Release|ARM64.ActiveCfg = Release|Any CPU
		{73031783-A99D-4201-AB42-3B6948C787C4}.Release|ARM64.Build.0 = Release|Any CPU
		{73031783-A99D-4201-AB42-3B6948C787C4}.Release|x64.ActiveCfg = Release|Any CPU
		{73031783-A99D-4201-AB42-3B6948C787C4}.Release|x64.Build.0 = Release|Any CPU
		{73031783-A99D-4201-AB42-3B6948C787C4}.Release|x86.ActiveCfg = Release|Any CPU
		{73031783-A99D-4201-AB42-3B6948C787C4}.Release|x86.Build.0 = Release|Any CPU
		{7AD588A6-C3C9-4F61-8453-DD9E8B27A543}.Debug|Any CPU.ActiveCfg = Debug|Any CPU
		{7AD588A6-C3C9-4F61-8453-DD9E8B27A543}.Debug|Any CPU.Build.0 = Debug|Any CPU
		{7AD588A6-C3C9-4F61-8453-DD9E8B27A543}.Debug|ARM.ActiveCfg = Debug|Any CPU
		{7AD588A6-C3C9-4F61-8453-DD9E8B27A543}.Debug|ARM.Build.0 = Debug|Any CPU
		{7AD588A6-C3C9-4F61-8453-DD9E8B27A543}.Debug|ARM64.ActiveCfg = Debug|Any CPU
		{7AD588A6-C3C9-4F61-8453-DD9E8B27A543}.Debug|ARM64.Build.0 = Debug|Any CPU
		{7AD588A6-C3C9-4F61-8453-DD9E8B27A543}.Debug|x64.ActiveCfg = Debug|Any CPU
		{7AD588A6-C3C9-4F61-8453-DD9E8B27A543}.Debug|x64.Build.0 = Debug|Any CPU
		{7AD588A6-C3C9-4F61-8453-DD9E8B27A543}.Debug|x86.ActiveCfg = Debug|Any CPU
		{7AD588A6-C3C9-4F61-8453-DD9E8B27A543}.Debug|x86.Build.0 = Debug|Any CPU
		{7AD588A6-C3C9-4F61-8453-DD9E8B27A543}.Release|Any CPU.ActiveCfg = Release|Any CPU
		{7AD588A6-C3C9-4F61-8453-DD9E8B27A543}.Release|Any CPU.Build.0 = Release|Any CPU
		{7AD588A6-C3C9-4F61-8453-DD9E8B27A543}.Release|ARM.ActiveCfg = Release|Any CPU
		{7AD588A6-C3C9-4F61-8453-DD9E8B27A543}.Release|ARM.Build.0 = Release|Any CPU
		{7AD588A6-C3C9-4F61-8453-DD9E8B27A543}.Release|ARM64.ActiveCfg = Release|Any CPU
		{7AD588A6-C3C9-4F61-8453-DD9E8B27A543}.Release|ARM64.Build.0 = Release|Any CPU
		{7AD588A6-C3C9-4F61-8453-DD9E8B27A543}.Release|x64.ActiveCfg = Release|Any CPU
		{7AD588A6-C3C9-4F61-8453-DD9E8B27A543}.Release|x64.Build.0 = Release|Any CPU
		{7AD588A6-C3C9-4F61-8453-DD9E8B27A543}.Release|x86.ActiveCfg = Release|Any CPU
		{7AD588A6-C3C9-4F61-8453-DD9E8B27A543}.Release|x86.Build.0 = Release|Any CPU
		{74019AF9-0AB5-494C-8041-DB47E759F354}.Debug|Any CPU.ActiveCfg = Debug|Any CPU
		{74019AF9-0AB5-494C-8041-DB47E759F354}.Debug|Any CPU.Build.0 = Debug|Any CPU
		{74019AF9-0AB5-494C-8041-DB47E759F354}.Debug|ARM.ActiveCfg = Debug|Any CPU
		{74019AF9-0AB5-494C-8041-DB47E759F354}.Debug|ARM.Build.0 = Debug|Any CPU
		{74019AF9-0AB5-494C-8041-DB47E759F354}.Debug|ARM64.ActiveCfg = Debug|Any CPU
		{74019AF9-0AB5-494C-8041-DB47E759F354}.Debug|ARM64.Build.0 = Debug|Any CPU
		{74019AF9-0AB5-494C-8041-DB47E759F354}.Debug|x64.ActiveCfg = Debug|Any CPU
		{74019AF9-0AB5-494C-8041-DB47E759F354}.Debug|x64.Build.0 = Debug|Any CPU
		{74019AF9-0AB5-494C-8041-DB47E759F354}.Debug|x86.ActiveCfg = Debug|Any CPU
		{74019AF9-0AB5-494C-8041-DB47E759F354}.Debug|x86.Build.0 = Debug|Any CPU
		{74019AF9-0AB5-494C-8041-DB47E759F354}.Release|Any CPU.ActiveCfg = Release|Any CPU
		{74019AF9-0AB5-494C-8041-DB47E759F354}.Release|Any CPU.Build.0 = Release|Any CPU
		{74019AF9-0AB5-494C-8041-DB47E759F354}.Release|ARM.ActiveCfg = Release|Any CPU
		{74019AF9-0AB5-494C-8041-DB47E759F354}.Release|ARM.Build.0 = Release|Any CPU
		{74019AF9-0AB5-494C-8041-DB47E759F354}.Release|ARM64.ActiveCfg = Release|Any CPU
		{74019AF9-0AB5-494C-8041-DB47E759F354}.Release|ARM64.Build.0 = Release|Any CPU
		{74019AF9-0AB5-494C-8041-DB47E759F354}.Release|x64.ActiveCfg = Release|Any CPU
		{74019AF9-0AB5-494C-8041-DB47E759F354}.Release|x64.Build.0 = Release|Any CPU
		{74019AF9-0AB5-494C-8041-DB47E759F354}.Release|x86.ActiveCfg = Release|Any CPU
		{74019AF9-0AB5-494C-8041-DB47E759F354}.Release|x86.Build.0 = Release|Any CPU
		{7FD32159-10D8-453F-B891-7594E5F614A0}.Debug|Any CPU.ActiveCfg = Debug|Any CPU
		{7FD32159-10D8-453F-B891-7594E5F614A0}.Debug|Any CPU.Build.0 = Debug|Any CPU
		{7FD32159-10D8-453F-B891-7594E5F614A0}.Debug|ARM.ActiveCfg = Debug|Any CPU
		{7FD32159-10D8-453F-B891-7594E5F614A0}.Debug|ARM.Build.0 = Debug|Any CPU
		{7FD32159-10D8-453F-B891-7594E5F614A0}.Debug|ARM64.ActiveCfg = Debug|Any CPU
		{7FD32159-10D8-453F-B891-7594E5F614A0}.Debug|ARM64.Build.0 = Debug|Any CPU
		{7FD32159-10D8-453F-B891-7594E5F614A0}.Debug|x64.ActiveCfg = Debug|Any CPU
		{7FD32159-10D8-453F-B891-7594E5F614A0}.Debug|x64.Build.0 = Debug|Any CPU
		{7FD32159-10D8-453F-B891-7594E5F614A0}.Debug|x86.ActiveCfg = Debug|Any CPU
		{7FD32159-10D8-453F-B891-7594E5F614A0}.Debug|x86.Build.0 = Debug|Any CPU
		{7FD32159-10D8-453F-B891-7594E5F614A0}.Release|Any CPU.ActiveCfg = Release|Any CPU
		{7FD32159-10D8-453F-B891-7594E5F614A0}.Release|Any CPU.Build.0 = Release|Any CPU
		{7FD32159-10D8-453F-B891-7594E5F614A0}.Release|ARM.ActiveCfg = Release|Any CPU
		{7FD32159-10D8-453F-B891-7594E5F614A0}.Release|ARM.Build.0 = Release|Any CPU
		{7FD32159-10D8-453F-B891-7594E5F614A0}.Release|ARM64.ActiveCfg = Release|Any CPU
		{7FD32159-10D8-453F-B891-7594E5F614A0}.Release|ARM64.Build.0 = Release|Any CPU
		{7FD32159-10D8-453F-B891-7594E5F614A0}.Release|x64.ActiveCfg = Release|Any CPU
		{7FD32159-10D8-453F-B891-7594E5F614A0}.Release|x64.Build.0 = Release|Any CPU
		{7FD32159-10D8-453F-B891-7594E5F614A0}.Release|x86.ActiveCfg = Release|Any CPU
		{7FD32159-10D8-453F-B891-7594E5F614A0}.Release|x86.Build.0 = Release|Any CPU
		{8767B2E1-E2AB-4247-8F0D-ED8C1416E5EE}.Debug|Any CPU.ActiveCfg = Debug|Any CPU
		{8767B2E1-E2AB-4247-8F0D-ED8C1416E5EE}.Debug|Any CPU.Build.0 = Debug|Any CPU
		{8767B2E1-E2AB-4247-8F0D-ED8C1416E5EE}.Debug|ARM.ActiveCfg = Debug|Any CPU
		{8767B2E1-E2AB-4247-8F0D-ED8C1416E5EE}.Debug|ARM.Build.0 = Debug|Any CPU
		{8767B2E1-E2AB-4247-8F0D-ED8C1416E5EE}.Debug|ARM64.ActiveCfg = Debug|Any CPU
		{8767B2E1-E2AB-4247-8F0D-ED8C1416E5EE}.Debug|ARM64.Build.0 = Debug|Any CPU
		{8767B2E1-E2AB-4247-8F0D-ED8C1416E5EE}.Debug|x64.ActiveCfg = Debug|Any CPU
		{8767B2E1-E2AB-4247-8F0D-ED8C1416E5EE}.Debug|x64.Build.0 = Debug|Any CPU
		{8767B2E1-E2AB-4247-8F0D-ED8C1416E5EE}.Debug|x86.ActiveCfg = Debug|Any CPU
		{8767B2E1-E2AB-4247-8F0D-ED8C1416E5EE}.Debug|x86.Build.0 = Debug|Any CPU
		{8767B2E1-E2AB-4247-8F0D-ED8C1416E5EE}.Release|Any CPU.ActiveCfg = Release|Any CPU
		{8767B2E1-E2AB-4247-8F0D-ED8C1416E5EE}.Release|Any CPU.Build.0 = Release|Any CPU
		{8767B2E1-E2AB-4247-8F0D-ED8C1416E5EE}.Release|ARM.ActiveCfg = Release|Any CPU
		{8767B2E1-E2AB-4247-8F0D-ED8C1416E5EE}.Release|ARM.Build.0 = Release|Any CPU
		{8767B2E1-E2AB-4247-8F0D-ED8C1416E5EE}.Release|ARM64.ActiveCfg = Release|Any CPU
		{8767B2E1-E2AB-4247-8F0D-ED8C1416E5EE}.Release|ARM64.Build.0 = Release|Any CPU
		{8767B2E1-E2AB-4247-8F0D-ED8C1416E5EE}.Release|x64.ActiveCfg = Release|Any CPU
		{8767B2E1-E2AB-4247-8F0D-ED8C1416E5EE}.Release|x64.Build.0 = Release|Any CPU
		{8767B2E1-E2AB-4247-8F0D-ED8C1416E5EE}.Release|x86.ActiveCfg = Release|Any CPU
		{8767B2E1-E2AB-4247-8F0D-ED8C1416E5EE}.Release|x86.Build.0 = Release|Any CPU
		{4DF248B8-4798-4926-A9AA-D18E981D5BDE}.Debug|Any CPU.ActiveCfg = Debug|Any CPU
		{4DF248B8-4798-4926-A9AA-D18E981D5BDE}.Debug|Any CPU.Build.0 = Debug|Any CPU
		{4DF248B8-4798-4926-A9AA-D18E981D5BDE}.Debug|ARM.ActiveCfg = Debug|Any CPU
		{4DF248B8-4798-4926-A9AA-D18E981D5BDE}.Debug|ARM.Build.0 = Debug|Any CPU
		{4DF248B8-4798-4926-A9AA-D18E981D5BDE}.Debug|ARM64.ActiveCfg = Debug|Any CPU
		{4DF248B8-4798-4926-A9AA-D18E981D5BDE}.Debug|ARM64.Build.0 = Debug|Any CPU
		{4DF248B8-4798-4926-A9AA-D18E981D5BDE}.Debug|x64.ActiveCfg = Debug|Any CPU
		{4DF248B8-4798-4926-A9AA-D18E981D5BDE}.Debug|x64.Build.0 = Debug|Any CPU
		{4DF248B8-4798-4926-A9AA-D18E981D5BDE}.Debug|x86.ActiveCfg = Debug|Any CPU
		{4DF248B8-4798-4926-A9AA-D18E981D5BDE}.Debug|x86.Build.0 = Debug|Any CPU
		{4DF248B8-4798-4926-A9AA-D18E981D5BDE}.Release|Any CPU.ActiveCfg = Release|Any CPU
		{4DF248B8-4798-4926-A9AA-D18E981D5BDE}.Release|Any CPU.Build.0 = Release|Any CPU
		{4DF248B8-4798-4926-A9AA-D18E981D5BDE}.Release|ARM.ActiveCfg = Release|Any CPU
		{4DF248B8-4798-4926-A9AA-D18E981D5BDE}.Release|ARM.Build.0 = Release|Any CPU
		{4DF248B8-4798-4926-A9AA-D18E981D5BDE}.Release|ARM64.ActiveCfg = Release|Any CPU
		{4DF248B8-4798-4926-A9AA-D18E981D5BDE}.Release|ARM64.Build.0 = Release|Any CPU
		{4DF248B8-4798-4926-A9AA-D18E981D5BDE}.Release|x64.ActiveCfg = Release|Any CPU
		{4DF248B8-4798-4926-A9AA-D18E981D5BDE}.Release|x64.Build.0 = Release|Any CPU
		{4DF248B8-4798-4926-A9AA-D18E981D5BDE}.Release|x86.ActiveCfg = Release|Any CPU
		{4DF248B8-4798-4926-A9AA-D18E981D5BDE}.Release|x86.Build.0 = Release|Any CPU
		{A1863CBC-F6FD-4385-9549-19825A18E028}.Debug|Any CPU.ActiveCfg = Debug|Any CPU
		{A1863CBC-F6FD-4385-9549-19825A18E028}.Debug|Any CPU.Build.0 = Debug|Any CPU
		{A1863CBC-F6FD-4385-9549-19825A18E028}.Debug|ARM.ActiveCfg = Debug|Any CPU
		{A1863CBC-F6FD-4385-9549-19825A18E028}.Debug|ARM.Build.0 = Debug|Any CPU
		{A1863CBC-F6FD-4385-9549-19825A18E028}.Debug|ARM64.ActiveCfg = Debug|Any CPU
		{A1863CBC-F6FD-4385-9549-19825A18E028}.Debug|ARM64.Build.0 = Debug|Any CPU
		{A1863CBC-F6FD-4385-9549-19825A18E028}.Debug|x64.ActiveCfg = Debug|Any CPU
		{A1863CBC-F6FD-4385-9549-19825A18E028}.Debug|x64.Build.0 = Debug|Any CPU
		{A1863CBC-F6FD-4385-9549-19825A18E028}.Debug|x86.ActiveCfg = Debug|Any CPU
		{A1863CBC-F6FD-4385-9549-19825A18E028}.Debug|x86.Build.0 = Debug|Any CPU
		{A1863CBC-F6FD-4385-9549-19825A18E028}.Release|Any CPU.ActiveCfg = Release|Any CPU
		{A1863CBC-F6FD-4385-9549-19825A18E028}.Release|Any CPU.Build.0 = Release|Any CPU
		{A1863CBC-F6FD-4385-9549-19825A18E028}.Release|ARM.ActiveCfg = Release|Any CPU
		{A1863CBC-F6FD-4385-9549-19825A18E028}.Release|ARM.Build.0 = Release|Any CPU
		{A1863CBC-F6FD-4385-9549-19825A18E028}.Release|ARM64.ActiveCfg = Release|Any CPU
		{A1863CBC-F6FD-4385-9549-19825A18E028}.Release|ARM64.Build.0 = Release|Any CPU
		{A1863CBC-F6FD-4385-9549-19825A18E028}.Release|x64.ActiveCfg = Release|Any CPU
		{A1863CBC-F6FD-4385-9549-19825A18E028}.Release|x64.Build.0 = Release|Any CPU
		{A1863CBC-F6FD-4385-9549-19825A18E028}.Release|x86.ActiveCfg = Release|Any CPU
		{A1863CBC-F6FD-4385-9549-19825A18E028}.Release|x86.Build.0 = Release|Any CPU
		{7A1D8D41-51BF-4990-A62B-8AB30F2451DE}.Debug|Any CPU.ActiveCfg = Debug|Any CPU
		{7A1D8D41-51BF-4990-A62B-8AB30F2451DE}.Debug|Any CPU.Build.0 = Debug|Any CPU
		{7A1D8D41-51BF-4990-A62B-8AB30F2451DE}.Debug|ARM.ActiveCfg = Debug|Any CPU
		{7A1D8D41-51BF-4990-A62B-8AB30F2451DE}.Debug|ARM.Build.0 = Debug|Any CPU
		{7A1D8D41-51BF-4990-A62B-8AB30F2451DE}.Debug|ARM64.ActiveCfg = Debug|Any CPU
		{7A1D8D41-51BF-4990-A62B-8AB30F2451DE}.Debug|ARM64.Build.0 = Debug|Any CPU
		{7A1D8D41-51BF-4990-A62B-8AB30F2451DE}.Debug|x64.ActiveCfg = Debug|Any CPU
		{7A1D8D41-51BF-4990-A62B-8AB30F2451DE}.Debug|x64.Build.0 = Debug|Any CPU
		{7A1D8D41-51BF-4990-A62B-8AB30F2451DE}.Debug|x86.ActiveCfg = Debug|Any CPU
		{7A1D8D41-51BF-4990-A62B-8AB30F2451DE}.Debug|x86.Build.0 = Debug|Any CPU
		{7A1D8D41-51BF-4990-A62B-8AB30F2451DE}.Release|Any CPU.ActiveCfg = Release|Any CPU
		{7A1D8D41-51BF-4990-A62B-8AB30F2451DE}.Release|Any CPU.Build.0 = Release|Any CPU
		{7A1D8D41-51BF-4990-A62B-8AB30F2451DE}.Release|ARM.ActiveCfg = Release|Any CPU
		{7A1D8D41-51BF-4990-A62B-8AB30F2451DE}.Release|ARM.Build.0 = Release|Any CPU
		{7A1D8D41-51BF-4990-A62B-8AB30F2451DE}.Release|ARM64.ActiveCfg = Release|Any CPU
		{7A1D8D41-51BF-4990-A62B-8AB30F2451DE}.Release|ARM64.Build.0 = Release|Any CPU
		{7A1D8D41-51BF-4990-A62B-8AB30F2451DE}.Release|x64.ActiveCfg = Release|Any CPU
		{7A1D8D41-51BF-4990-A62B-8AB30F2451DE}.Release|x64.Build.0 = Release|Any CPU
		{7A1D8D41-51BF-4990-A62B-8AB30F2451DE}.Release|x86.ActiveCfg = Release|Any CPU
		{7A1D8D41-51BF-4990-A62B-8AB30F2451DE}.Release|x86.Build.0 = Release|Any CPU
		{BC09823C-8C91-4996-B448-599C1DDCE54C}.Debug|Any CPU.ActiveCfg = Debug|Any CPU
		{BC09823C-8C91-4996-B448-599C1DDCE54C}.Debug|Any CPU.Build.0 = Debug|Any CPU
		{BC09823C-8C91-4996-B448-599C1DDCE54C}.Debug|ARM.ActiveCfg = Debug|Any CPU
		{BC09823C-8C91-4996-B448-599C1DDCE54C}.Debug|ARM.Build.0 = Debug|Any CPU
		{BC09823C-8C91-4996-B448-599C1DDCE54C}.Debug|ARM64.ActiveCfg = Debug|Any CPU
		{BC09823C-8C91-4996-B448-599C1DDCE54C}.Debug|ARM64.Build.0 = Debug|Any CPU
		{BC09823C-8C91-4996-B448-599C1DDCE54C}.Debug|x64.ActiveCfg = Debug|Any CPU
		{BC09823C-8C91-4996-B448-599C1DDCE54C}.Debug|x64.Build.0 = Debug|Any CPU
		{BC09823C-8C91-4996-B448-599C1DDCE54C}.Debug|x86.ActiveCfg = Debug|Any CPU
		{BC09823C-8C91-4996-B448-599C1DDCE54C}.Debug|x86.Build.0 = Debug|Any CPU
		{BC09823C-8C91-4996-B448-599C1DDCE54C}.Release|Any CPU.ActiveCfg = Release|Any CPU
		{BC09823C-8C91-4996-B448-599C1DDCE54C}.Release|Any CPU.Build.0 = Release|Any CPU
		{BC09823C-8C91-4996-B448-599C1DDCE54C}.Release|ARM.ActiveCfg = Release|Any CPU
		{BC09823C-8C91-4996-B448-599C1DDCE54C}.Release|ARM.Build.0 = Release|Any CPU
		{BC09823C-8C91-4996-B448-599C1DDCE54C}.Release|ARM64.ActiveCfg = Release|Any CPU
		{BC09823C-8C91-4996-B448-599C1DDCE54C}.Release|ARM64.Build.0 = Release|Any CPU
		{BC09823C-8C91-4996-B448-599C1DDCE54C}.Release|x64.ActiveCfg = Release|Any CPU
		{BC09823C-8C91-4996-B448-599C1DDCE54C}.Release|x64.Build.0 = Release|Any CPU
		{BC09823C-8C91-4996-B448-599C1DDCE54C}.Release|x86.ActiveCfg = Release|Any CPU
		{BC09823C-8C91-4996-B448-599C1DDCE54C}.Release|x86.Build.0 = Release|Any CPU
		{7FB95345-4ED7-4EF6-8869-306E9D122A96}.Debug|Any CPU.ActiveCfg = Debug|Any CPU
		{7FB95345-4ED7-4EF6-8869-306E9D122A96}.Debug|Any CPU.Build.0 = Debug|Any CPU
		{7FB95345-4ED7-4EF6-8869-306E9D122A96}.Debug|ARM.ActiveCfg = Debug|Any CPU
		{7FB95345-4ED7-4EF6-8869-306E9D122A96}.Debug|ARM.Build.0 = Debug|Any CPU
		{7FB95345-4ED7-4EF6-8869-306E9D122A96}.Debug|ARM64.ActiveCfg = Debug|Any CPU
		{7FB95345-4ED7-4EF6-8869-306E9D122A96}.Debug|ARM64.Build.0 = Debug|Any CPU
		{7FB95345-4ED7-4EF6-8869-306E9D122A96}.Debug|x64.ActiveCfg = Debug|Any CPU
		{7FB95345-4ED7-4EF6-8869-306E9D122A96}.Debug|x64.Build.0 = Debug|Any CPU
		{7FB95345-4ED7-4EF6-8869-306E9D122A96}.Debug|x86.ActiveCfg = Debug|Any CPU
		{7FB95345-4ED7-4EF6-8869-306E9D122A96}.Debug|x86.Build.0 = Debug|Any CPU
		{7FB95345-4ED7-4EF6-8869-306E9D122A96}.Release|Any CPU.ActiveCfg = Release|Any CPU
		{7FB95345-4ED7-4EF6-8869-306E9D122A96}.Release|Any CPU.Build.0 = Release|Any CPU
		{7FB95345-4ED7-4EF6-8869-306E9D122A96}.Release|ARM.ActiveCfg = Release|Any CPU
		{7FB95345-4ED7-4EF6-8869-306E9D122A96}.Release|ARM.Build.0 = Release|Any CPU
		{7FB95345-4ED7-4EF6-8869-306E9D122A96}.Release|ARM64.ActiveCfg = Release|Any CPU
		{7FB95345-4ED7-4EF6-8869-306E9D122A96}.Release|ARM64.Build.0 = Release|Any CPU
		{7FB95345-4ED7-4EF6-8869-306E9D122A96}.Release|x64.ActiveCfg = Release|Any CPU
		{7FB95345-4ED7-4EF6-8869-306E9D122A96}.Release|x64.Build.0 = Release|Any CPU
		{7FB95345-4ED7-4EF6-8869-306E9D122A96}.Release|x86.ActiveCfg = Release|Any CPU
		{7FB95345-4ED7-4EF6-8869-306E9D122A96}.Release|x86.Build.0 = Release|Any CPU
		{7D6284D0-0B8B-439E-B9D9-091B5B069246}.Debug|Any CPU.ActiveCfg = Debug|Any CPU
		{7D6284D0-0B8B-439E-B9D9-091B5B069246}.Debug|Any CPU.Build.0 = Debug|Any CPU
		{7D6284D0-0B8B-439E-B9D9-091B5B069246}.Debug|ARM.ActiveCfg = Debug|Any CPU
		{7D6284D0-0B8B-439E-B9D9-091B5B069246}.Debug|ARM.Build.0 = Debug|Any CPU
		{7D6284D0-0B8B-439E-B9D9-091B5B069246}.Debug|ARM64.ActiveCfg = Debug|Any CPU
		{7D6284D0-0B8B-439E-B9D9-091B5B069246}.Debug|ARM64.Build.0 = Debug|Any CPU
		{7D6284D0-0B8B-439E-B9D9-091B5B069246}.Debug|x64.ActiveCfg = Debug|Any CPU
		{7D6284D0-0B8B-439E-B9D9-091B5B069246}.Debug|x64.Build.0 = Debug|Any CPU
		{7D6284D0-0B8B-439E-B9D9-091B5B069246}.Debug|x86.ActiveCfg = Debug|Any CPU
		{7D6284D0-0B8B-439E-B9D9-091B5B069246}.Debug|x86.Build.0 = Debug|Any CPU
		{7D6284D0-0B8B-439E-B9D9-091B5B069246}.Release|Any CPU.ActiveCfg = Release|Any CPU
		{7D6284D0-0B8B-439E-B9D9-091B5B069246}.Release|Any CPU.Build.0 = Release|Any CPU
		{7D6284D0-0B8B-439E-B9D9-091B5B069246}.Release|ARM.ActiveCfg = Release|Any CPU
		{7D6284D0-0B8B-439E-B9D9-091B5B069246}.Release|ARM.Build.0 = Release|Any CPU
		{7D6284D0-0B8B-439E-B9D9-091B5B069246}.Release|ARM64.ActiveCfg = Release|Any CPU
		{7D6284D0-0B8B-439E-B9D9-091B5B069246}.Release|ARM64.Build.0 = Release|Any CPU
		{7D6284D0-0B8B-439E-B9D9-091B5B069246}.Release|x64.ActiveCfg = Release|Any CPU
		{7D6284D0-0B8B-439E-B9D9-091B5B069246}.Release|x64.Build.0 = Release|Any CPU
		{7D6284D0-0B8B-439E-B9D9-091B5B069246}.Release|x86.ActiveCfg = Release|Any CPU
		{7D6284D0-0B8B-439E-B9D9-091B5B069246}.Release|x86.Build.0 = Release|Any CPU
		{425E3141-6DD4-440E-910F-C67CAEC35573}.Debug|Any CPU.ActiveCfg = Debug|Any CPU
		{425E3141-6DD4-440E-910F-C67CAEC35573}.Debug|Any CPU.Build.0 = Debug|Any CPU
		{425E3141-6DD4-440E-910F-C67CAEC35573}.Debug|ARM.ActiveCfg = Debug|Any CPU
		{425E3141-6DD4-440E-910F-C67CAEC35573}.Debug|ARM.Build.0 = Debug|Any CPU
		{425E3141-6DD4-440E-910F-C67CAEC35573}.Debug|ARM64.ActiveCfg = Debug|Any CPU
		{425E3141-6DD4-440E-910F-C67CAEC35573}.Debug|ARM64.Build.0 = Debug|Any CPU
		{425E3141-6DD4-440E-910F-C67CAEC35573}.Debug|x64.ActiveCfg = Debug|Any CPU
		{425E3141-6DD4-440E-910F-C67CAEC35573}.Debug|x64.Build.0 = Debug|Any CPU
		{425E3141-6DD4-440E-910F-C67CAEC35573}.Debug|x86.ActiveCfg = Debug|Any CPU
		{425E3141-6DD4-440E-910F-C67CAEC35573}.Debug|x86.Build.0 = Debug|Any CPU
		{425E3141-6DD4-440E-910F-C67CAEC35573}.Release|Any CPU.ActiveCfg = Release|Any CPU
		{425E3141-6DD4-440E-910F-C67CAEC35573}.Release|Any CPU.Build.0 = Release|Any CPU
		{425E3141-6DD4-440E-910F-C67CAEC35573}.Release|ARM.ActiveCfg = Release|Any CPU
		{425E3141-6DD4-440E-910F-C67CAEC35573}.Release|ARM.Build.0 = Release|Any CPU
		{425E3141-6DD4-440E-910F-C67CAEC35573}.Release|ARM64.ActiveCfg = Release|Any CPU
		{425E3141-6DD4-440E-910F-C67CAEC35573}.Release|ARM64.Build.0 = Release|Any CPU
		{425E3141-6DD4-440E-910F-C67CAEC35573}.Release|x64.ActiveCfg = Release|Any CPU
		{425E3141-6DD4-440E-910F-C67CAEC35573}.Release|x64.Build.0 = Release|Any CPU
		{425E3141-6DD4-440E-910F-C67CAEC35573}.Release|x86.ActiveCfg = Release|Any CPU
		{425E3141-6DD4-440E-910F-C67CAEC35573}.Release|x86.Build.0 = Release|Any CPU
		{01E20E7E-D7BA-406A-AAEE-7453CD73139F}.Debug|Any CPU.ActiveCfg = Debug|Any CPU
		{01E20E7E-D7BA-406A-AAEE-7453CD73139F}.Debug|Any CPU.Build.0 = Debug|Any CPU
		{01E20E7E-D7BA-406A-AAEE-7453CD73139F}.Debug|ARM.ActiveCfg = Debug|Any CPU
		{01E20E7E-D7BA-406A-AAEE-7453CD73139F}.Debug|ARM.Build.0 = Debug|Any CPU
		{01E20E7E-D7BA-406A-AAEE-7453CD73139F}.Debug|ARM64.ActiveCfg = Debug|Any CPU
		{01E20E7E-D7BA-406A-AAEE-7453CD73139F}.Debug|ARM64.Build.0 = Debug|Any CPU
		{01E20E7E-D7BA-406A-AAEE-7453CD73139F}.Debug|x64.ActiveCfg = Debug|Any CPU
		{01E20E7E-D7BA-406A-AAEE-7453CD73139F}.Debug|x64.Build.0 = Debug|Any CPU
		{01E20E7E-D7BA-406A-AAEE-7453CD73139F}.Debug|x86.ActiveCfg = Debug|Any CPU
		{01E20E7E-D7BA-406A-AAEE-7453CD73139F}.Debug|x86.Build.0 = Debug|Any CPU
		{01E20E7E-D7BA-406A-AAEE-7453CD73139F}.Release|Any CPU.ActiveCfg = Release|Any CPU
		{01E20E7E-D7BA-406A-AAEE-7453CD73139F}.Release|Any CPU.Build.0 = Release|Any CPU
		{01E20E7E-D7BA-406A-AAEE-7453CD73139F}.Release|ARM.ActiveCfg = Release|Any CPU
		{01E20E7E-D7BA-406A-AAEE-7453CD73139F}.Release|ARM.Build.0 = Release|Any CPU
		{01E20E7E-D7BA-406A-AAEE-7453CD73139F}.Release|ARM64.ActiveCfg = Release|Any CPU
		{01E20E7E-D7BA-406A-AAEE-7453CD73139F}.Release|ARM64.Build.0 = Release|Any CPU
		{01E20E7E-D7BA-406A-AAEE-7453CD73139F}.Release|x64.ActiveCfg = Release|Any CPU
		{01E20E7E-D7BA-406A-AAEE-7453CD73139F}.Release|x64.Build.0 = Release|Any CPU
		{01E20E7E-D7BA-406A-AAEE-7453CD73139F}.Release|x86.ActiveCfg = Release|Any CPU
		{01E20E7E-D7BA-406A-AAEE-7453CD73139F}.Release|x86.Build.0 = Release|Any CPU
		{0718054D-8D5D-493C-A62B-D90DF6431996}.Debug|Any CPU.ActiveCfg = Debug|Any CPU
		{0718054D-8D5D-493C-A62B-D90DF6431996}.Debug|Any CPU.Build.0 = Debug|Any CPU
		{0718054D-8D5D-493C-A62B-D90DF6431996}.Debug|ARM.ActiveCfg = Debug|Any CPU
		{0718054D-8D5D-493C-A62B-D90DF6431996}.Debug|ARM.Build.0 = Debug|Any CPU
		{0718054D-8D5D-493C-A62B-D90DF6431996}.Debug|ARM64.ActiveCfg = Debug|Any CPU
		{0718054D-8D5D-493C-A62B-D90DF6431996}.Debug|ARM64.Build.0 = Debug|Any CPU
		{0718054D-8D5D-493C-A62B-D90DF6431996}.Debug|x64.ActiveCfg = Debug|Any CPU
		{0718054D-8D5D-493C-A62B-D90DF6431996}.Debug|x64.Build.0 = Debug|Any CPU
		{0718054D-8D5D-493C-A62B-D90DF6431996}.Debug|x86.ActiveCfg = Debug|Any CPU
		{0718054D-8D5D-493C-A62B-D90DF6431996}.Debug|x86.Build.0 = Debug|Any CPU
		{0718054D-8D5D-493C-A62B-D90DF6431996}.Release|Any CPU.ActiveCfg = Release|Any CPU
		{0718054D-8D5D-493C-A62B-D90DF6431996}.Release|Any CPU.Build.0 = Release|Any CPU
		{0718054D-8D5D-493C-A62B-D90DF6431996}.Release|ARM.ActiveCfg = Release|Any CPU
		{0718054D-8D5D-493C-A62B-D90DF6431996}.Release|ARM.Build.0 = Release|Any CPU
		{0718054D-8D5D-493C-A62B-D90DF6431996}.Release|ARM64.ActiveCfg = Release|Any CPU
		{0718054D-8D5D-493C-A62B-D90DF6431996}.Release|ARM64.Build.0 = Release|Any CPU
		{0718054D-8D5D-493C-A62B-D90DF6431996}.Release|x64.ActiveCfg = Release|Any CPU
		{0718054D-8D5D-493C-A62B-D90DF6431996}.Release|x64.Build.0 = Release|Any CPU
		{0718054D-8D5D-493C-A62B-D90DF6431996}.Release|x86.ActiveCfg = Release|Any CPU
		{0718054D-8D5D-493C-A62B-D90DF6431996}.Release|x86.Build.0 = Release|Any CPU
		{1DD52DFA-FB95-4E6D-A3B6-FD60C4D21761}.Debug|Any CPU.ActiveCfg = Debug|x86
		{1DD52DFA-FB95-4E6D-A3B6-FD60C4D21761}.Debug|Any CPU.Build.0 = Debug|x86
		{1DD52DFA-FB95-4E6D-A3B6-FD60C4D21761}.Debug|Any CPU.Deploy.0 = Debug|x86
		{1DD52DFA-FB95-4E6D-A3B6-FD60C4D21761}.Debug|ARM.ActiveCfg = Debug|ARM
		{1DD52DFA-FB95-4E6D-A3B6-FD60C4D21761}.Debug|ARM.Build.0 = Debug|ARM
		{1DD52DFA-FB95-4E6D-A3B6-FD60C4D21761}.Debug|ARM.Deploy.0 = Debug|ARM
		{1DD52DFA-FB95-4E6D-A3B6-FD60C4D21761}.Debug|ARM64.ActiveCfg = Debug|ARM64
		{1DD52DFA-FB95-4E6D-A3B6-FD60C4D21761}.Debug|ARM64.Build.0 = Debug|ARM64
		{1DD52DFA-FB95-4E6D-A3B6-FD60C4D21761}.Debug|ARM64.Deploy.0 = Debug|ARM64
		{1DD52DFA-FB95-4E6D-A3B6-FD60C4D21761}.Debug|x64.ActiveCfg = Debug|x64
		{1DD52DFA-FB95-4E6D-A3B6-FD60C4D21761}.Debug|x64.Build.0 = Debug|x64
		{1DD52DFA-FB95-4E6D-A3B6-FD60C4D21761}.Debug|x64.Deploy.0 = Debug|x64
		{1DD52DFA-FB95-4E6D-A3B6-FD60C4D21761}.Debug|x86.ActiveCfg = Debug|x86
		{1DD52DFA-FB95-4E6D-A3B6-FD60C4D21761}.Debug|x86.Build.0 = Debug|x86
		{1DD52DFA-FB95-4E6D-A3B6-FD60C4D21761}.Debug|x86.Deploy.0 = Debug|x86
		{1DD52DFA-FB95-4E6D-A3B6-FD60C4D21761}.Release|Any CPU.ActiveCfg = Release|x86
		{1DD52DFA-FB95-4E6D-A3B6-FD60C4D21761}.Release|ARM.ActiveCfg = Release|ARM
		{1DD52DFA-FB95-4E6D-A3B6-FD60C4D21761}.Release|ARM.Build.0 = Release|ARM
		{1DD52DFA-FB95-4E6D-A3B6-FD60C4D21761}.Release|ARM.Deploy.0 = Release|ARM
		{1DD52DFA-FB95-4E6D-A3B6-FD60C4D21761}.Release|ARM64.ActiveCfg = Release|ARM64
		{1DD52DFA-FB95-4E6D-A3B6-FD60C4D21761}.Release|ARM64.Build.0 = Release|ARM64
		{1DD52DFA-FB95-4E6D-A3B6-FD60C4D21761}.Release|ARM64.Deploy.0 = Release|ARM64
		{1DD52DFA-FB95-4E6D-A3B6-FD60C4D21761}.Release|x64.ActiveCfg = Release|x64
		{1DD52DFA-FB95-4E6D-A3B6-FD60C4D21761}.Release|x64.Build.0 = Release|x64
		{1DD52DFA-FB95-4E6D-A3B6-FD60C4D21761}.Release|x64.Deploy.0 = Release|x64
		{1DD52DFA-FB95-4E6D-A3B6-FD60C4D21761}.Release|x86.ActiveCfg = Release|x86
		{1DD52DFA-FB95-4E6D-A3B6-FD60C4D21761}.Release|x86.Build.0 = Release|x86
		{1DD52DFA-FB95-4E6D-A3B6-FD60C4D21761}.Release|x86.Deploy.0 = Release|x86
		{735F7E22-DFF5-4DD8-9041-7536A7262A55}.Debug|Any CPU.ActiveCfg = Debug|Any CPU
		{735F7E22-DFF5-4DD8-9041-7536A7262A55}.Debug|Any CPU.Build.0 = Debug|Any CPU
		{735F7E22-DFF5-4DD8-9041-7536A7262A55}.Debug|ARM.ActiveCfg = Debug|Any CPU
		{735F7E22-DFF5-4DD8-9041-7536A7262A55}.Debug|ARM.Build.0 = Debug|Any CPU
		{735F7E22-DFF5-4DD8-9041-7536A7262A55}.Debug|ARM64.ActiveCfg = Debug|Any CPU
		{735F7E22-DFF5-4DD8-9041-7536A7262A55}.Debug|ARM64.Build.0 = Debug|Any CPU
		{735F7E22-DFF5-4DD8-9041-7536A7262A55}.Debug|x64.ActiveCfg = Debug|Any CPU
		{735F7E22-DFF5-4DD8-9041-7536A7262A55}.Debug|x64.Build.0 = Debug|Any CPU
		{735F7E22-DFF5-4DD8-9041-7536A7262A55}.Debug|x86.ActiveCfg = Debug|Any CPU
		{735F7E22-DFF5-4DD8-9041-7536A7262A55}.Debug|x86.Build.0 = Debug|Any CPU
		{735F7E22-DFF5-4DD8-9041-7536A7262A55}.Release|Any CPU.ActiveCfg = Release|Any CPU
		{735F7E22-DFF5-4DD8-9041-7536A7262A55}.Release|Any CPU.Build.0 = Release|Any CPU
		{735F7E22-DFF5-4DD8-9041-7536A7262A55}.Release|ARM.ActiveCfg = Release|Any CPU
		{735F7E22-DFF5-4DD8-9041-7536A7262A55}.Release|ARM.Build.0 = Release|Any CPU
		{735F7E22-DFF5-4DD8-9041-7536A7262A55}.Release|ARM64.ActiveCfg = Release|Any CPU
		{735F7E22-DFF5-4DD8-9041-7536A7262A55}.Release|ARM64.Build.0 = Release|Any CPU
		{735F7E22-DFF5-4DD8-9041-7536A7262A55}.Release|x64.ActiveCfg = Release|Any CPU
		{735F7E22-DFF5-4DD8-9041-7536A7262A55}.Release|x64.Build.0 = Release|Any CPU
		{735F7E22-DFF5-4DD8-9041-7536A7262A55}.Release|x86.ActiveCfg = Release|Any CPU
		{735F7E22-DFF5-4DD8-9041-7536A7262A55}.Release|x86.Build.0 = Release|Any CPU
		{15B35299-42A4-4ACD-BBA6-EA12B638AD07}.Debug|Any CPU.ActiveCfg = Debug|Any CPU
		{15B35299-42A4-4ACD-BBA6-EA12B638AD07}.Debug|Any CPU.Build.0 = Debug|Any CPU
		{15B35299-42A4-4ACD-BBA6-EA12B638AD07}.Debug|ARM.ActiveCfg = Debug|Any CPU
		{15B35299-42A4-4ACD-BBA6-EA12B638AD07}.Debug|ARM.Build.0 = Debug|Any CPU
		{15B35299-42A4-4ACD-BBA6-EA12B638AD07}.Debug|ARM64.ActiveCfg = Debug|Any CPU
		{15B35299-42A4-4ACD-BBA6-EA12B638AD07}.Debug|ARM64.Build.0 = Debug|Any CPU
		{15B35299-42A4-4ACD-BBA6-EA12B638AD07}.Debug|x64.ActiveCfg = Debug|Any CPU
		{15B35299-42A4-4ACD-BBA6-EA12B638AD07}.Debug|x64.Build.0 = Debug|Any CPU
		{15B35299-42A4-4ACD-BBA6-EA12B638AD07}.Debug|x86.ActiveCfg = Debug|Any CPU
		{15B35299-42A4-4ACD-BBA6-EA12B638AD07}.Debug|x86.Build.0 = Debug|Any CPU
		{15B35299-42A4-4ACD-BBA6-EA12B638AD07}.Release|Any CPU.ActiveCfg = Release|Any CPU
		{15B35299-42A4-4ACD-BBA6-EA12B638AD07}.Release|Any CPU.Build.0 = Release|Any CPU
		{15B35299-42A4-4ACD-BBA6-EA12B638AD07}.Release|ARM.ActiveCfg = Release|Any CPU
		{15B35299-42A4-4ACD-BBA6-EA12B638AD07}.Release|ARM.Build.0 = Release|Any CPU
		{15B35299-42A4-4ACD-BBA6-EA12B638AD07}.Release|ARM64.ActiveCfg = Release|Any CPU
		{15B35299-42A4-4ACD-BBA6-EA12B638AD07}.Release|ARM64.Build.0 = Release|Any CPU
		{15B35299-42A4-4ACD-BBA6-EA12B638AD07}.Release|x64.ActiveCfg = Release|Any CPU
		{15B35299-42A4-4ACD-BBA6-EA12B638AD07}.Release|x64.Build.0 = Release|Any CPU
		{15B35299-42A4-4ACD-BBA6-EA12B638AD07}.Release|x86.ActiveCfg = Release|Any CPU
		{15B35299-42A4-4ACD-BBA6-EA12B638AD07}.Release|x86.Build.0 = Release|Any CPU
		{03AD887F-3DF8-4B26-A12B-37F2D5F73382}.Debug|Any CPU.ActiveCfg = Debug|Any CPU
		{03AD887F-3DF8-4B26-A12B-37F2D5F73382}.Debug|Any CPU.Build.0 = Debug|Any CPU
		{03AD887F-3DF8-4B26-A12B-37F2D5F73382}.Debug|ARM.ActiveCfg = Debug|Any CPU
		{03AD887F-3DF8-4B26-A12B-37F2D5F73382}.Debug|ARM.Build.0 = Debug|Any CPU
		{03AD887F-3DF8-4B26-A12B-37F2D5F73382}.Debug|ARM64.ActiveCfg = Debug|Any CPU
		{03AD887F-3DF8-4B26-A12B-37F2D5F73382}.Debug|ARM64.Build.0 = Debug|Any CPU
		{03AD887F-3DF8-4B26-A12B-37F2D5F73382}.Debug|x64.ActiveCfg = Debug|Any CPU
		{03AD887F-3DF8-4B26-A12B-37F2D5F73382}.Debug|x64.Build.0 = Debug|Any CPU
		{03AD887F-3DF8-4B26-A12B-37F2D5F73382}.Debug|x86.ActiveCfg = Debug|Any CPU
		{03AD887F-3DF8-4B26-A12B-37F2D5F73382}.Debug|x86.Build.0 = Debug|Any CPU
		{03AD887F-3DF8-4B26-A12B-37F2D5F73382}.Release|Any CPU.ActiveCfg = Release|Any CPU
		{03AD887F-3DF8-4B26-A12B-37F2D5F73382}.Release|Any CPU.Build.0 = Release|Any CPU
		{03AD887F-3DF8-4B26-A12B-37F2D5F73382}.Release|ARM.ActiveCfg = Release|Any CPU
		{03AD887F-3DF8-4B26-A12B-37F2D5F73382}.Release|ARM.Build.0 = Release|Any CPU
		{03AD887F-3DF8-4B26-A12B-37F2D5F73382}.Release|ARM64.ActiveCfg = Release|Any CPU
		{03AD887F-3DF8-4B26-A12B-37F2D5F73382}.Release|ARM64.Build.0 = Release|Any CPU
		{03AD887F-3DF8-4B26-A12B-37F2D5F73382}.Release|x64.ActiveCfg = Release|Any CPU
		{03AD887F-3DF8-4B26-A12B-37F2D5F73382}.Release|x64.Build.0 = Release|Any CPU
		{03AD887F-3DF8-4B26-A12B-37F2D5F73382}.Release|x86.ActiveCfg = Release|Any CPU
		{03AD887F-3DF8-4B26-A12B-37F2D5F73382}.Release|x86.Build.0 = Release|Any CPU
		{202103BE-B86E-4F3B-8197-3835187335C5}.Debug|Any CPU.ActiveCfg = Debug|x86
		{202103BE-B86E-4F3B-8197-3835187335C5}.Debug|Any CPU.Build.0 = Debug|x86
		{202103BE-B86E-4F3B-8197-3835187335C5}.Debug|Any CPU.Deploy.0 = Debug|x86
		{202103BE-B86E-4F3B-8197-3835187335C5}.Debug|ARM.ActiveCfg = Debug|ARM
		{202103BE-B86E-4F3B-8197-3835187335C5}.Debug|ARM.Build.0 = Debug|ARM
		{202103BE-B86E-4F3B-8197-3835187335C5}.Debug|ARM.Deploy.0 = Debug|ARM
		{202103BE-B86E-4F3B-8197-3835187335C5}.Debug|ARM64.ActiveCfg = Debug|ARM64
		{202103BE-B86E-4F3B-8197-3835187335C5}.Debug|ARM64.Build.0 = Debug|ARM64
		{202103BE-B86E-4F3B-8197-3835187335C5}.Debug|ARM64.Deploy.0 = Debug|ARM64
		{202103BE-B86E-4F3B-8197-3835187335C5}.Debug|x64.ActiveCfg = Debug|x64
		{202103BE-B86E-4F3B-8197-3835187335C5}.Debug|x64.Build.0 = Debug|x64
		{202103BE-B86E-4F3B-8197-3835187335C5}.Debug|x64.Deploy.0 = Debug|x64
		{202103BE-B86E-4F3B-8197-3835187335C5}.Debug|x86.ActiveCfg = Debug|x86
		{202103BE-B86E-4F3B-8197-3835187335C5}.Debug|x86.Build.0 = Debug|x86
		{202103BE-B86E-4F3B-8197-3835187335C5}.Debug|x86.Deploy.0 = Debug|x86
		{202103BE-B86E-4F3B-8197-3835187335C5}.Release|Any CPU.ActiveCfg = Release|x86
		{202103BE-B86E-4F3B-8197-3835187335C5}.Release|ARM.ActiveCfg = Release|ARM
		{202103BE-B86E-4F3B-8197-3835187335C5}.Release|ARM.Build.0 = Release|ARM
		{202103BE-B86E-4F3B-8197-3835187335C5}.Release|ARM.Deploy.0 = Release|ARM
		{202103BE-B86E-4F3B-8197-3835187335C5}.Release|ARM64.ActiveCfg = Release|ARM64
		{202103BE-B86E-4F3B-8197-3835187335C5}.Release|ARM64.Build.0 = Release|ARM64
		{202103BE-B86E-4F3B-8197-3835187335C5}.Release|ARM64.Deploy.0 = Release|ARM64
		{202103BE-B86E-4F3B-8197-3835187335C5}.Release|x64.ActiveCfg = Release|x64
		{202103BE-B86E-4F3B-8197-3835187335C5}.Release|x64.Build.0 = Release|x64
		{202103BE-B86E-4F3B-8197-3835187335C5}.Release|x64.Deploy.0 = Release|x64
		{202103BE-B86E-4F3B-8197-3835187335C5}.Release|x86.ActiveCfg = Release|x86
		{202103BE-B86E-4F3B-8197-3835187335C5}.Release|x86.Build.0 = Release|x86
		{202103BE-B86E-4F3B-8197-3835187335C5}.Release|x86.Deploy.0 = Release|x86
		{F18CD55C-14D1-4A8B-8844-6C120FD3F74C}.Debug|Any CPU.ActiveCfg = Debug|x86
		{F18CD55C-14D1-4A8B-8844-6C120FD3F74C}.Debug|Any CPU.Build.0 = Debug|x86
		{F18CD55C-14D1-4A8B-8844-6C120FD3F74C}.Debug|Any CPU.Deploy.0 = Debug|x86
		{F18CD55C-14D1-4A8B-8844-6C120FD3F74C}.Debug|ARM.ActiveCfg = Debug|ARM
		{F18CD55C-14D1-4A8B-8844-6C120FD3F74C}.Debug|ARM.Build.0 = Debug|ARM
		{F18CD55C-14D1-4A8B-8844-6C120FD3F74C}.Debug|ARM.Deploy.0 = Debug|ARM
		{F18CD55C-14D1-4A8B-8844-6C120FD3F74C}.Debug|ARM64.ActiveCfg = Debug|ARM64
		{F18CD55C-14D1-4A8B-8844-6C120FD3F74C}.Debug|ARM64.Build.0 = Debug|ARM64
		{F18CD55C-14D1-4A8B-8844-6C120FD3F74C}.Debug|ARM64.Deploy.0 = Debug|ARM64
		{F18CD55C-14D1-4A8B-8844-6C120FD3F74C}.Debug|x64.ActiveCfg = Debug|x64
		{F18CD55C-14D1-4A8B-8844-6C120FD3F74C}.Debug|x64.Build.0 = Debug|x64
		{F18CD55C-14D1-4A8B-8844-6C120FD3F74C}.Debug|x64.Deploy.0 = Debug|x64
		{F18CD55C-14D1-4A8B-8844-6C120FD3F74C}.Debug|x86.ActiveCfg = Debug|x86
		{F18CD55C-14D1-4A8B-8844-6C120FD3F74C}.Debug|x86.Build.0 = Debug|x86
		{F18CD55C-14D1-4A8B-8844-6C120FD3F74C}.Debug|x86.Deploy.0 = Debug|x86
		{F18CD55C-14D1-4A8B-8844-6C120FD3F74C}.Release|Any CPU.ActiveCfg = Release|x86
		{F18CD55C-14D1-4A8B-8844-6C120FD3F74C}.Release|ARM.ActiveCfg = Release|ARM
		{F18CD55C-14D1-4A8B-8844-6C120FD3F74C}.Release|ARM.Build.0 = Release|ARM
		{F18CD55C-14D1-4A8B-8844-6C120FD3F74C}.Release|ARM.Deploy.0 = Release|ARM
		{F18CD55C-14D1-4A8B-8844-6C120FD3F74C}.Release|ARM64.ActiveCfg = Release|ARM64
		{F18CD55C-14D1-4A8B-8844-6C120FD3F74C}.Release|ARM64.Build.0 = Release|ARM64
		{F18CD55C-14D1-4A8B-8844-6C120FD3F74C}.Release|ARM64.Deploy.0 = Release|ARM64
		{F18CD55C-14D1-4A8B-8844-6C120FD3F74C}.Release|x64.ActiveCfg = Release|x64
		{F18CD55C-14D1-4A8B-8844-6C120FD3F74C}.Release|x64.Build.0 = Release|x64
		{F18CD55C-14D1-4A8B-8844-6C120FD3F74C}.Release|x64.Deploy.0 = Release|x64
		{F18CD55C-14D1-4A8B-8844-6C120FD3F74C}.Release|x86.ActiveCfg = Release|x86
		{F18CD55C-14D1-4A8B-8844-6C120FD3F74C}.Release|x86.Build.0 = Release|x86
		{F18CD55C-14D1-4A8B-8844-6C120FD3F74C}.Release|x86.Deploy.0 = Release|x86
		{381F80D5-C670-4096-A82C-36AC582DF619}.Debug|Any CPU.ActiveCfg = Debug|x86
		{381F80D5-C670-4096-A82C-36AC582DF619}.Debug|Any CPU.Build.0 = Debug|x86
		{381F80D5-C670-4096-A82C-36AC582DF619}.Debug|Any CPU.Deploy.0 = Debug|x86
		{381F80D5-C670-4096-A82C-36AC582DF619}.Debug|ARM.ActiveCfg = Debug|ARM
		{381F80D5-C670-4096-A82C-36AC582DF619}.Debug|ARM.Build.0 = Debug|ARM
		{381F80D5-C670-4096-A82C-36AC582DF619}.Debug|ARM.Deploy.0 = Debug|ARM
		{381F80D5-C670-4096-A82C-36AC582DF619}.Debug|ARM64.ActiveCfg = Debug|ARM64
		{381F80D5-C670-4096-A82C-36AC582DF619}.Debug|ARM64.Build.0 = Debug|ARM64
		{381F80D5-C670-4096-A82C-36AC582DF619}.Debug|ARM64.Deploy.0 = Debug|ARM64
		{381F80D5-C670-4096-A82C-36AC582DF619}.Debug|x64.ActiveCfg = Debug|x64
		{381F80D5-C670-4096-A82C-36AC582DF619}.Debug|x64.Build.0 = Debug|x64
		{381F80D5-C670-4096-A82C-36AC582DF619}.Debug|x64.Deploy.0 = Debug|x64
		{381F80D5-C670-4096-A82C-36AC582DF619}.Debug|x86.ActiveCfg = Debug|x86
		{381F80D5-C670-4096-A82C-36AC582DF619}.Debug|x86.Build.0 = Debug|x86
		{381F80D5-C670-4096-A82C-36AC582DF619}.Debug|x86.Deploy.0 = Debug|x86
		{381F80D5-C670-4096-A82C-36AC582DF619}.Release|Any CPU.ActiveCfg = Release|x86
		{381F80D5-C670-4096-A82C-36AC582DF619}.Release|ARM.ActiveCfg = Release|ARM
		{381F80D5-C670-4096-A82C-36AC582DF619}.Release|ARM.Build.0 = Release|ARM
		{381F80D5-C670-4096-A82C-36AC582DF619}.Release|ARM.Deploy.0 = Release|ARM
		{381F80D5-C670-4096-A82C-36AC582DF619}.Release|ARM64.ActiveCfg = Release|ARM64
		{381F80D5-C670-4096-A82C-36AC582DF619}.Release|ARM64.Build.0 = Release|ARM64
		{381F80D5-C670-4096-A82C-36AC582DF619}.Release|ARM64.Deploy.0 = Release|ARM64
		{381F80D5-C670-4096-A82C-36AC582DF619}.Release|x64.ActiveCfg = Release|x64
		{381F80D5-C670-4096-A82C-36AC582DF619}.Release|x64.Build.0 = Release|x64
		{381F80D5-C670-4096-A82C-36AC582DF619}.Release|x64.Deploy.0 = Release|x64
		{381F80D5-C670-4096-A82C-36AC582DF619}.Release|x86.ActiveCfg = Release|x86
		{381F80D5-C670-4096-A82C-36AC582DF619}.Release|x86.Build.0 = Release|x86
		{381F80D5-C670-4096-A82C-36AC582DF619}.Release|x86.Deploy.0 = Release|x86
	EndGlobalSection
	GlobalSection(SolutionProperties) = preSolution
		HideSolutionNode = FALSE
	EndGlobalSection
	GlobalSection(ExtensibilityGlobals) = postSolution
		SolutionGuid = {FD3DC6B6-3428-499E-9D8E-731ABD038FA0}
	EndGlobalSection
EndGlobal
